
Microsoft Visual Studio Solution File, Format Version 12.00
# Visual Studio Version 18
VisualStudioVersion = 18.9.12105.275
MinimumVisualStudioVersion = 10.0.40219.1
Project("{8BC9CEB8-8B4A-11D0-8D11-00A0C91BC942}") = "appserver", "appserver\appserver.vcxproj", "{9A8943E1-D7E9-49FC-9E9C-AE719D47D450}"
EndProject
Project("{8BC9CEB8-8B4A-11D0-8D11-00A0C91BC942}") = "streammanager", "streammanager\streammanager.vcxproj", "{DB6F33B7-05B9-4B5C-B0BB-B073111D4289}"
EndProject
Project("{8BC9CEB8-8B4A-11D0-8D11-00A0C91BC942}") = "MediaFragmenter", "MediaFragmenter\MediaFragmenter.vcxproj", "{7ED3299C-00E2-42AF-9507-0CB87663DD37}"
EndProject
Project("{8BC9CEB8-8B4A-11D0-8D11-00A0C91BC942}") = "H26XDesktopRendererTest", "test\H26XDesktopRendererTest\H26XDesktopRendererTest.vcxproj", "{4E7B9635-9511-47D3-B849-047E3C477B04}"
	ProjectSection(ProjectDependencies) = postProject
		{7ED3299C-00E2-42AF-9507-0CB87663DD37} = {7ED3299C-00E2-42AF-9507-0CB87663DD37}
	EndProjectSection
EndProject
Project("{2150E333-8FDC-42A3-9474-1A3956D46DE8}") = "test", "test", "{02EA681E-C7D8-13C7-8484-4AC65E1B71E8}"
EndProject
Project("{8BC9CEB8-8B4A-11D0-8D11-00A0C91BC942}") = "DashServerTest", "test\DashServerTest\DashServerTest.vcxproj", "{D94B6981-A080-453E-A9ED-BE37C0D55171}"
	ProjectSection(ProjectDependencies) = postProject
		{1ADF34C7-64E8-4AF8-866D-C9B882BF7BA7} = {1ADF34C7-64E8-4AF8-866D-C9B882BF7BA7}
	EndProjectSection
EndProject
Project("{8BC9CEB8-8B4A-11D0-8D11-00A0C91BC942}") = "appservertester", "test\appservertester\appservertester.vcxproj", "{E4B5A6D1-DCEB-45E2-A6BD-A776B3EDA803}"
	ProjectSection(ProjectDependencies) = postProject
		{1ADF34C7-64E8-4AF8-866D-C9B882BF7BA7} = {1ADF34C7-64E8-4AF8-866D-C9B882BF7BA7}
		{7ED3299C-00E2-42AF-9507-0CB87663DD37} = {7ED3299C-00E2-42AF-9507-0CB87663DD37}
		{6A7E0A00-0000-4000-8000-00000000A7E0} = {6A7E0A00-0000-4000-8000-00000000A7E0}
		{BC9136DF-5CDC-40A8-A990-412E27E5C859} = {BC9136DF-5CDC-40A8-A990-412E27E5C859}
		{7B7E80F3-2F5F-43B0-A562-86EDE3CF2CCF} = {7B7E80F3-2F5F-43B0-A562-86EDE3CF2CCF}
		{1AE13F94-B5D3-4BBC-9424-8318689BE460} = {1AE13F94-B5D3-4BBC-9424-8318689BE460}
		{2A5C974C-B92F-4C03-99F4-790A19C539AA} = {2A5C974C-B92F-4C03-99F4-790A19C539AA}
		{102BDA33-5EE9-48B4-8719-0C8E0824799D} = {102BDA33-5EE9-48B4-8719-0C8E0824799D}
		{086D7C4C-D0CE-4254-AA39-67A8A902C2EB} = {086D7C4C-D0CE-4254-AA39-67A8A902C2EB}
		{117211EC-8C7F-4F96-B2E9-A13ABE277AD3} = {117211EC-8C7F-4F96-B2E9-A13ABE277AD3}
		{24F94C94-9FD1-4149-8E16-61223BB9FB48} = {24F94C94-9FD1-4149-8E16-61223BB9FB48}
		{46E1410B-275F-4A33-8877-57162A498326} = {46E1410B-275F-4A33-8877-57162A498326}
		{87F034BA-D487-43D9-A2FE-D8E93730CB0D} = {87F034BA-D487-43D9-A2FE-D8E93730CB0D}
	EndProjectSection
EndProject
Project("{8BC9CEB8-8B4A-11D0-8D11-00A0C91BC942}") = "Xplatbase", "appserver\submodules\xplatbase\Xplatbase\Xplatbase\Xplatbase.vcxproj", "{F217B4D5-F6BC-4FCE-AF5E-BEEF9FE1F3E8}"
EndProject
Project("{8BC9CEB8-8B4A-11D0-8D11-00A0C91BC942}") = "unittests", "test\unittests\unittests.vcxproj", "{7C1F5A2E-9D34-4B7A-9E51-3F2A6C8B1D40}"
	ProjectSection(ProjectDependencies) = postProject
		{7ED3299C-00E2-42AF-9507-0CB87663DD37} = {7ED3299C-00E2-42AF-9507-0CB87663DD37}
		{6A7E0A00-0000-4000-8000-00000000A7E0} = {6A7E0A00-0000-4000-8000-00000000A7E0}
		{BC9136DF-5CDC-40A8-A990-412E27E5C859} = {BC9136DF-5CDC-40A8-A990-412E27E5C859}
		{7B7E80F3-2F5F-43B0-A562-86EDE3CF2CCF} = {7B7E80F3-2F5F-43B0-A562-86EDE3CF2CCF}
		{1AE13F94-B5D3-4BBC-9424-8318689BE460} = {1AE13F94-B5D3-4BBC-9424-8318689BE460}
		{2A5C974C-B92F-4C03-99F4-790A19C539AA} = {2A5C974C-B92F-4C03-99F4-790A19C539AA}
		{102BDA33-5EE9-48B4-8719-0C8E0824799D} = {102BDA33-5EE9-48B4-8719-0C8E0824799D}
		{086D7C4C-D0CE-4254-AA39-67A8A902C2EB} = {086D7C4C-D0CE-4254-AA39-67A8A902C2EB}
		{117211EC-8C7F-4F96-B2E9-A13ABE277AD3} = {117211EC-8C7F-4F96-B2E9-A13ABE277AD3}
		{24F94C94-9FD1-4149-8E16-61223BB9FB48} = {24F94C94-9FD1-4149-8E16-61223BB9FB48}
		{46E1410B-275F-4A33-8877-57162A498326} = {46E1410B-275F-4A33-8877-57162A498326}
		{87F034BA-D487-43D9-A2FE-D8E93730CB0D} = {87F034BA-D487-43D9-A2FE-D8E93730CB0D}
	EndProjectSection
EndProject
Project("{8BC9CEB8-8B4A-11D0-8D11-00A0C91BC942}") = "mod_duplicado", "test\unittests\mod_duplicado.vcxproj", "{E0016450-F4AC-4B31-B44A-D2F9B794E442}"
EndProject
Project("{8BC9CEB8-8B4A-11D0-8D11-00A0C91BC942}") = "mod_compartilhado", "test\unittests\mod_compartilhado.vcxproj", "{CEC46ACC-AE15-4406-87BB-74B89E836671}"
EndProject
Project("{8BC9CEB8-8B4A-11D0-8D11-00A0C91BC942}") = "yason", "appserver\submodules\yason\yason\yason.vcxproj", "{1ADF34C7-64E8-4AF8-866D-C9B882BF7BA7}"
	ProjectSection(ProjectDependencies) = postProject
		{F217B4D5-F6BC-4FCE-AF5E-BEEF9FE1F3E8} = {F217B4D5-F6BC-4FCE-AF5E-BEEF9FE1F3E8}
	EndProjectSection
EndProject
Project("{8BC9CEB8-8B4A-11D0-8D11-00A0C91BC942}") = "libdav1d", "codecs\libdav1d.vcxproj", "{102BDA33-5EE9-48B4-8719-0C8E0824799D}"
EndProject
Project("{8BC9CEB8-8B4A-11D0-8D11-00A0C91BC942}") = "libvpx", "codecs\libvpx.vcxproj", "{2A5C974C-B92F-4C03-99F4-790A19C539AA}"
EndProject
Project("{8BC9CEB8-8B4A-11D0-8D11-00A0C91BC942}") = "libopus", "codecs\libopus.vcxproj", "{1AE13F94-B5D3-4BBC-9424-8318689BE460}"
EndProject
Project("{8BC9CEB8-8B4A-11D0-8D11-00A0C91BC942}") = "codec_hw", "codecs\codec_hw.vcxproj", "{7B7E80F3-2F5F-43B0-A562-86EDE3CF2CCF}"
EndProject
Project("{8BC9CEB8-8B4A-11D0-8D11-00A0C91BC942}") = "codec_opus_plugin", "codecs\codec_opus_plugin.vcxproj", "{086D7C4C-D0CE-4254-AA39-67A8A902C2EB}"
	ProjectSection(ProjectDependencies) = postProject
		{1AE13F94-B5D3-4BBC-9424-8318689BE460} = {1AE13F94-B5D3-4BBC-9424-8318689BE460}
		{F217B4D5-F6BC-4FCE-AF5E-BEEF9FE1F3E8} = {F217B4D5-F6BC-4FCE-AF5E-BEEF9FE1F3E8}
	EndProjectSection
EndProject
Project("{8BC9CEB8-8B4A-11D0-8D11-00A0C91BC942}") = "codec_av1_plugin", "codecs\codec_av1_plugin.vcxproj", "{117211EC-8C7F-4F96-B2E9-A13ABE277AD3}"
	ProjectSection(ProjectDependencies) = postProject
		{102BDA33-5EE9-48B4-8719-0C8E0824799D} = {102BDA33-5EE9-48B4-8719-0C8E0824799D}
		{F217B4D5-F6BC-4FCE-AF5E-BEEF9FE1F3E8} = {F217B4D5-F6BC-4FCE-AF5E-BEEF9FE1F3E8}
	EndProjectSection
EndProject
Project("{8BC9CEB8-8B4A-11D0-8D11-00A0C91BC942}") = "codec_vp9_plugin", "codecs\codec_vp9_plugin.vcxproj", "{87F034BA-D487-43D9-A2FE-D8E93730CB0D}"
	ProjectSection(ProjectDependencies) = postProject
		{2A5C974C-B92F-4C03-99F4-790A19C539AA} = {2A5C974C-B92F-4C03-99F4-790A19C539AA}
		{F217B4D5-F6BC-4FCE-AF5E-BEEF9FE1F3E8} = {F217B4D5-F6BC-4FCE-AF5E-BEEF9FE1F3E8}
	EndProjectSection
EndProject
Project("{8BC9CEB8-8B4A-11D0-8D11-00A0C91BC942}") = "codec_h265_plugin", "codecs\codec_h265_plugin.vcxproj", "{46E1410B-275F-4A33-8877-57162A498326}"
	ProjectSection(ProjectDependencies) = postProject
		{F217B4D5-F6BC-4FCE-AF5E-BEEF9FE1F3E8} = {F217B4D5-F6BC-4FCE-AF5E-BEEF9FE1F3E8}
	EndProjectSection
EndProject
Project("{8BC9CEB8-8B4A-11D0-8D11-00A0C91BC942}") = "codec_h264_plugin", "codecs\codec_h264_plugin.vcxproj", "{24F94C94-9FD1-4149-8E16-61223BB9FB48}"
	ProjectSection(ProjectDependencies) = postProject
		{F217B4D5-F6BC-4FCE-AF5E-BEEF9FE1F3E8} = {F217B4D5-F6BC-4FCE-AF5E-BEEF9FE1F3E8}
	EndProjectSection
EndProject
Project("{8BC9CEB8-8B4A-11D0-8D11-00A0C91BC942}") = "codec_core", "codecs\codec_core.vcxproj", "{BC9136DF-5CDC-40A8-A990-412E27E5C859}"
EndProject
Project("{8BC9CEB8-8B4A-11D0-8D11-00A0C91BC942}") = "libyuv", "codecs\libyuv.vcxproj", "{1B0F0000-0000-4000-8000-00000000B0F0}"
EndProject
Project("{8BC9CEB8-8B4A-11D0-8D11-00A0C91BC942}") = "MediaGateway", "MediaGateway\MediaGateway.vcxproj", "{6A7E0A00-0000-4000-8000-00000000A7E0}"
EndProject
Project("{2150E333-8FDC-42A3-9474-1A3956D46DE8}") = "Codecs", "Codecs", "{C0DEC000-0000-4000-8000-000000000000}"
EndProject
Project("{8BC9CEB8-8B4A-11D0-8D11-00A0C91BC942}") = "SvtAv1Enc", "codecs\svtav1\_vsbuild\Source\Lib\SvtAv1Enc.vcxproj", "{7A6CCE8D-90E0-32A0-BDDA-1C9E42DDF9AC}"
EndProject
Project("{8BC9CEB8-8B4A-11D0-8D11-00A0C91BC942}") = "x265-static", "codecs\x265\_vsbuild\x265-static.vcxproj", "{062D87F6-AB00-3D2E-900C-6ADC2A3ABD67}"
EndProject
Global
	GlobalSection(SolutionConfigurationPlatforms) = preSolution
		Debug|x64 = Debug|x64
		Debug|x86 = Debug|x86
		Release|x64 = Release|x64
		Release|x86 = Release|x86
	EndGlobalSection
	GlobalSection(ProjectConfigurationPlatforms) = postSolution
		{9A8943E1-D7E9-49FC-9E9C-AE719D47D450}.Debug|x64.ActiveCfg = Debug|x64
		{9A8943E1-D7E9-49FC-9E9C-AE719D47D450}.Debug|x64.Build.0 = Debug|x64
		{9A8943E1-D7E9-49FC-9E9C-AE719D47D450}.Debug|x86.ActiveCfg = Debug|Win32
		{9A8943E1-D7E9-49FC-9E9C-AE719D47D450}.Debug|x86.Build.0 = Debug|Win32
		{9A8943E1-D7E9-49FC-9E9C-AE719D47D450}.Release|x64.ActiveCfg = Release|x64
		{9A8943E1-D7E9-49FC-9E9C-AE719D47D450}.Release|x64.Build.0 = Release|x64
		{9A8943E1-D7E9-49FC-9E9C-AE719D47D450}.Release|x86.ActiveCfg = Release|Win32
		{9A8943E1-D7E9-49FC-9E9C-AE719D47D450}.Release|x86.Build.0 = Release|Win32
		{DB6F33B7-05B9-4B5C-B0BB-B073111D4289}.Debug|x64.ActiveCfg = Debug|x64
		{DB6F33B7-05B9-4B5C-B0BB-B073111D4289}.Debug|x64.Build.0 = Debug|x64
		{DB6F33B7-05B9-4B5C-B0BB-B073111D4289}.Debug|x86.ActiveCfg = Debug|Win32
		{DB6F33B7-05B9-4B5C-B0BB-B073111D4289}.Debug|x86.Build.0 = Debug|Win32
		{DB6F33B7-05B9-4B5C-B0BB-B073111D4289}.Release|x64.ActiveCfg = Release|x64
		{DB6F33B7-05B9-4B5C-B0BB-B073111D4289}.Release|x64.Build.0 = Release|x64
		{DB6F33B7-05B9-4B5C-B0BB-B073111D4289}.Release|x86.ActiveCfg = Release|Win32
		{DB6F33B7-05B9-4B5C-B0BB-B073111D4289}.Release|x86.Build.0 = Release|Win32
		{7ED3299C-00E2-42AF-9507-0CB87663DD37}.Debug|x64.ActiveCfg = Debug|x64
		{7ED3299C-00E2-42AF-9507-0CB87663DD37}.Debug|x64.Build.0 = Debug|x64
		{7ED3299C-00E2-42AF-9507-0CB87663DD37}.Debug|x86.ActiveCfg = Debug|Win32
		{7ED3299C-00E2-42AF-9507-0CB87663DD37}.Debug|x86.Build.0 = Debug|Win32
		{7ED3299C-00E2-42AF-9507-0CB87663DD37}.Release|x64.ActiveCfg = Release|x64
		{7ED3299C-00E2-42AF-9507-0CB87663DD37}.Release|x64.Build.0 = Release|x64
		{7ED3299C-00E2-42AF-9507-0CB87663DD37}.Release|x86.ActiveCfg = Release|Win32
		{7ED3299C-00E2-42AF-9507-0CB87663DD37}.Release|x86.Build.0 = Release|Win32
		{4E7B9635-9511-47D3-B849-047E3C477B04}.Debug|x64.ActiveCfg = Debug|x64
		{4E7B9635-9511-47D3-B849-047E3C477B04}.Debug|x86.ActiveCfg = Debug|Win32
		{4E7B9635-9511-47D3-B849-047E3C477B04}.Release|x64.ActiveCfg = Release|x64
		{4E7B9635-9511-47D3-B849-047E3C477B04}.Release|x86.ActiveCfg = Release|Win32
		{D94B6981-A080-453E-A9ED-BE37C0D55171}.Debug|x64.ActiveCfg = Debug|x64
		{D94B6981-A080-453E-A9ED-BE37C0D55171}.Debug|x86.ActiveCfg = Debug|Win32
		{D94B6981-A080-453E-A9ED-BE37C0D55171}.Release|x64.ActiveCfg = Release|x64
		{D94B6981-A080-453E-A9ED-BE37C0D55171}.Release|x86.ActiveCfg = Release|Win32
		{E4B5A6D1-DCEB-45E2-A6BD-A776B3EDA803}.Debug|x64.ActiveCfg = Debug|x64
		{E4B5A6D1-DCEB-45E2-A6BD-A776B3EDA803}.Debug|x64.Build.0 = Debug|x64
		{E4B5A6D1-DCEB-45E2-A6BD-A776B3EDA803}.Debug|x86.ActiveCfg = Debug|Win32
		{E4B5A6D1-DCEB-45E2-A6BD-A776B3EDA803}.Debug|x86.Build.0 = Debug|Win32
		{E4B5A6D1-DCEB-45E2-A6BD-A776B3EDA803}.Release|x64.ActiveCfg = Release|x64
		{E4B5A6D1-DCEB-45E2-A6BD-A776B3EDA803}.Release|x64.Build.0 = Release|x64
		{E4B5A6D1-DCEB-45E2-A6BD-A776B3EDA803}.Release|x86.ActiveCfg = Release|Win32
		{E4B5A6D1-DCEB-45E2-A6BD-A776B3EDA803}.Release|x86.Build.0 = Release|Win32
		{F217B4D5-F6BC-4FCE-AF5E-BEEF9FE1F3E8}.Debug|x64.ActiveCfg = Debug DLL|x64
		{F217B4D5-F6BC-4FCE-AF5E-BEEF9FE1F3E8}.Debug|x64.Build.0 = Debug DLL|x64
		{F217B4D5-F6BC-4FCE-AF5E-BEEF9FE1F3E8}.Debug|x86.ActiveCfg = Debug DLL|Win32
		{F217B4D5-F6BC-4FCE-AF5E-BEEF9FE1F3E8}.Debug|x86.Build.0 = Debug DLL|Win32
		{F217B4D5-F6BC-4FCE-AF5E-BEEF9FE1F3E8}.Release|x64.ActiveCfg = Release DLL|x64
		{F217B4D5-F6BC-4FCE-AF5E-BEEF9FE1F3E8}.Release|x64.Build.0 = Release DLL|x64
		{F217B4D5-F6BC-4FCE-AF5E-BEEF9FE1F3E8}.Release|x86.ActiveCfg = Release DLL|Win32
		{F217B4D5-F6BC-4FCE-AF5E-BEEF9FE1F3E8}.Release|x86.Build.0 = Release DLL|Win32
		{7C1F5A2E-9D34-4B7A-9E51-3F2A6C8B1D40}.Debug|x64.ActiveCfg = Debug|x64
		{7C1F5A2E-9D34-4B7A-9E51-3F2A6C8B1D40}.Debug|x64.Build.0 = Debug|x64
		{7C1F5A2E-9D34-4B7A-9E51-3F2A6C8B1D40}.Debug|x86.ActiveCfg = Debug|x64
		{7C1F5A2E-9D34-4B7A-9E51-3F2A6C8B1D40}.Debug|x86.Build.0 = Debug|x64
		{7C1F5A2E-9D34-4B7A-9E51-3F2A6C8B1D40}.Release|x64.ActiveCfg = Release|x64
		{7C1F5A2E-9D34-4B7A-9E51-3F2A6C8B1D40}.Release|x64.Build.0 = Release|x64
		{7C1F5A2E-9D34-4B7A-9E51-3F2A6C8B1D40}.Release|x86.ActiveCfg = Release|x64
		{7C1F5A2E-9D34-4B7A-9E51-3F2A6C8B1D40}.Release|x86.Build.0 = Release|x64
		{E0016450-F4AC-4B31-B44A-D2F9B794E442}.Debug|x64.ActiveCfg = Debug|x64
		{E0016450-F4AC-4B31-B44A-D2F9B794E442}.Debug|x64.Build.0 = Debug|x64
		{E0016450-F4AC-4B31-B44A-D2F9B794E442}.Debug|x86.ActiveCfg = Debug|x64
		{E0016450-F4AC-4B31-B44A-D2F9B794E442}.Debug|x86.Build.0 = Debug|x64
		{E0016450-F4AC-4B31-B44A-D2F9B794E442}.Release|x64.ActiveCfg = Release|x64
		{E0016450-F4AC-4B31-B44A-D2F9B794E442}.Release|x64.Build.0 = Release|x64
		{E0016450-F4AC-4B31-B44A-D2F9B794E442}.Release|x86.ActiveCfg = Release|x64
		{E0016450-F4AC-4B31-B44A-D2F9B794E442}.Release|x86.Build.0 = Release|x64
		{CEC46ACC-AE15-4406-87BB-74B89E836671}.Debug|x64.ActiveCfg = Debug|x64
		{CEC46ACC-AE15-4406-87BB-74B89E836671}.Debug|x64.Build.0 = Debug|x64
		{CEC46ACC-AE15-4406-87BB-74B89E836671}.Debug|x86.ActiveCfg = Debug|x64
		{CEC46ACC-AE15-4406-87BB-74B89E836671}.Debug|x86.Build.0 = Debug|x64
		{CEC46ACC-AE15-4406-87BB-74B89E836671}.Release|x64.ActiveCfg = Release|x64
		{CEC46ACC-AE15-4406-87BB-74B89E836671}.Release|x64.Build.0 = Release|x64
		{CEC46ACC-AE15-4406-87BB-74B89E836671}.Release|x86.ActiveCfg = Release|x64
		{CEC46ACC-AE15-4406-87BB-74B89E836671}.Release|x86.Build.0 = Release|x64
		{1ADF34C7-64E8-4AF8-866D-C9B882BF7BA7}.Debug|x64.ActiveCfg = Debug|x64
		{1ADF34C7-64E8-4AF8-866D-C9B882BF7BA7}.Debug|x64.Build.0 = Debug|x64
		{1ADF34C7-64E8-4AF8-866D-C9B882BF7BA7}.Debug|x86.ActiveCfg = Debug|Win32
		{1ADF34C7-64E8-4AF8-866D-C9B882BF7BA7}.Debug|x86.Build.0 = Debug|Win32
		{1ADF34C7-64E8-4AF8-866D-C9B882BF7BA7}.Release|x64.ActiveCfg = Release|x64
		{1ADF34C7-64E8-4AF8-866D-C9B882BF7BA7}.Release|x64.Build.0 = Release|x64
		{1ADF34C7-64E8-4AF8-866D-C9B882BF7BA7}.Release|x86.ActiveCfg = Release|Win32
		{1ADF34C7-64E8-4AF8-866D-C9B882BF7BA7}.Release|x86.Build.0 = Release|Win32
		{102BDA33-5EE9-48B4-8719-0C8E0824799D}.Debug|x64.ActiveCfg = Debug|x64
		{102BDA33-5EE9-48B4-8719-0C8E0824799D}.Debug|x64.Build.0 = Debug|x64
		{102BDA33-5EE9-48B4-8719-0C8E0824799D}.Debug|x86.ActiveCfg = Debug|x64
		{102BDA33-5EE9-48B4-8719-0C8E0824799D}.Debug|x86.Build.0 = Debug|x64
		{102BDA33-5EE9-48B4-8719-0C8E0824799D}.Release|x64.ActiveCfg = Release|x64
		{102BDA33-5EE9-48B4-8719-0C8E0824799D}.Release|x64.Build.0 = Release|x64
		{102BDA33-5EE9-48B4-8719-0C8E0824799D}.Release|x86.ActiveCfg = Release|x64
		{102BDA33-5EE9-48B4-8719-0C8E0824799D}.Release|x86.Build.0 = Release|x64
		{2A5C974C-B92F-4C03-99F4-790A19C539AA}.Debug|x64.ActiveCfg = Debug|x64
		{2A5C974C-B92F-4C03-99F4-790A19C539AA}.Debug|x64.Build.0 = Debug|x64
		{2A5C974C-B92F-4C03-99F4-790A19C539AA}.Debug|x86.ActiveCfg = Debug|x64
		{2A5C974C-B92F-4C03-99F4-790A19C539AA}.Debug|x86.Build.0 = Debug|x64
		{2A5C974C-B92F-4C03-99F4-790A19C539AA}.Release|x64.ActiveCfg = Release|x64
		{2A5C974C-B92F-4C03-99F4-790A19C539AA}.Release|x64.Build.0 = Release|x64
		{2A5C974C-B92F-4C03-99F4-790A19C539AA}.Release|x86.ActiveCfg = Release|x64
		{2A5C974C-B92F-4C03-99F4-790A19C539AA}.Release|x86.Build.0 = Release|x64
		{1AE13F94-B5D3-4BBC-9424-8318689BE460}.Debug|x64.ActiveCfg = Debug|x64
		{1AE13F94-B5D3-4BBC-9424-8318689BE460}.Debug|x64.Build.0 = Debug|x64
		{1AE13F94-B5D3-4BBC-9424-8318689BE460}.Debug|x86.ActiveCfg = Debug|x64
		{1AE13F94-B5D3-4BBC-9424-8318689BE460}.Debug|x86.Build.0 = Debug|x64
		{1AE13F94-B5D3-4BBC-9424-8318689BE460}.Release|x64.ActiveCfg = Release|x64
		{1AE13F94-B5D3-4BBC-9424-8318689BE460}.Release|x64.Build.0 = Release|x64
		{1AE13F94-B5D3-4BBC-9424-8318689BE460}.Release|x86.ActiveCfg = Release|x64
		{1AE13F94-B5D3-4BBC-9424-8318689BE460}.Release|x86.Build.0 = Release|x64
		{7B7E80F3-2F5F-43B0-A562-86EDE3CF2CCF}.Debug|x64.ActiveCfg = Debug|x64
		{7B7E80F3-2F5F-43B0-A562-86EDE3CF2CCF}.Debug|x64.Build.0 = Debug|x64
		{7B7E80F3-2F5F-43B0-A562-86EDE3CF2CCF}.Debug|x86.ActiveCfg = Debug|x64
		{7B7E80F3-2F5F-43B0-A562-86EDE3CF2CCF}.Debug|x86.Build.0 = Debug|x64
		{7B7E80F3-2F5F-43B0-A562-86EDE3CF2CCF}.Release|x64.ActiveCfg = Release|x64
		{7B7E80F3-2F5F-43B0-A562-86EDE3CF2CCF}.Release|x64.Build.0 = Release|x64
		{7B7E80F3-2F5F-43B0-A562-86EDE3CF2CCF}.Release|x86.ActiveCfg = Release|x64
		{7B7E80F3-2F5F-43B0-A562-86EDE3CF2CCF}.Release|x86.Build.0 = Release|x64
		{086D7C4C-D0CE-4254-AA39-67A8A902C2EB}.Debug|x64.ActiveCfg = Debug|x64
		{086D7C4C-D0CE-4254-AA39-67A8A902C2EB}.Debug|x64.Build.0 = Debug|x64
		{086D7C4C-D0CE-4254-AA39-67A8A902C2EB}.Debug|x86.ActiveCfg = Debug|x64
		{086D7C4C-D0CE-4254-AA39-67A8A902C2EB}.Debug|x86.Build.0 = Debug|x64
		{086D7C4C-D0CE-4254-AA39-67A8A902C2EB}.Release|x64.ActiveCfg = Release|x64
		{086D7C4C-D0CE-4254-AA39-67A8A902C2EB}.Release|x64.Build.0 = Release|x64
		{086D7C4C-D0CE-4254-AA39-67A8A902C2EB}.Release|x86.ActiveCfg = Release|x64
		{086D7C4C-D0CE-4254-AA39-67A8A902C2EB}.Release|x86.Build.0 = Release|x64
		{117211EC-8C7F-4F96-B2E9-A13ABE277AD3}.Debug|x64.ActiveCfg = Debug|x64
		{117211EC-8C7F-4F96-B2E9-A13ABE277AD3}.Debug|x64.Build.0 = Debug|x64
		{117211EC-8C7F-4F96-B2E9-A13ABE277AD3}.Debug|x86.ActiveCfg = Debug|x64
		{117211EC-8C7F-4F96-B2E9-A13ABE277AD3}.Debug|x86.Build.0 = Debug|x64
		{117211EC-8C7F-4F96-B2E9-A13ABE277AD3}.Release|x64.ActiveCfg = Release|x64
		{117211EC-8C7F-4F96-B2E9-A13ABE277AD3}.Release|x64.Build.0 = Release|x64
		{117211EC-8C7F-4F96-B2E9-A13ABE277AD3}.Release|x86.ActiveCfg = Release|x64
		{117211EC-8C7F-4F96-B2E9-A13ABE277AD3}.Release|x86.Build.0 = Release|x64
		{87F034BA-D487-43D9-A2FE-D8E93730CB0D}.Debug|x64.ActiveCfg = Debug|x64
		{87F034BA-D487-43D9-A2FE-D8E93730CB0D}.Debug|x64.Build.0 = Debug|x64
		{87F034BA-D487-43D9-A2FE-D8E93730CB0D}.Debug|x86.ActiveCfg = Debug|x64
		{87F034BA-D487-43D9-A2FE-D8E93730CB0D}.Debug|x86.Build.0 = Debug|x64
		{87F034BA-D487-43D9-A2FE-D8E93730CB0D}.Release|x64.ActiveCfg = Release|x64
		{87F034BA-D487-43D9-A2FE-D8E93730CB0D}.Release|x64.Build.0 = Release|x64
		{87F034BA-D487-43D9-A2FE-D8E93730CB0D}.Release|x86.ActiveCfg = Release|x64
		{87F034BA-D487-43D9-A2FE-D8E93730CB0D}.Release|x86.Build.0 = Release|x64
		{46E1410B-275F-4A33-8877-57162A498326}.Debug|x64.ActiveCfg = Debug|x64
		{46E1410B-275F-4A33-8877-57162A498326}.Debug|x64.Build.0 = Debug|x64
		{46E1410B-275F-4A33-8877-57162A498326}.Debug|x86.ActiveCfg = Debug|x64
		{46E1410B-275F-4A33-8877-57162A498326}.Debug|x86.Build.0 = Debug|x64
		{46E1410B-275F-4A33-8877-57162A498326}.Release|x64.ActiveCfg = Release|x64
		{46E1410B-275F-4A33-8877-57162A498326}.Release|x64.Build.0 = Release|x64
		{46E1410B-275F-4A33-8877-57162A498326}.Release|x86.ActiveCfg = Release|x64
		{46E1410B-275F-4A33-8877-57162A498326}.Release|x86.Build.0 = Release|x64
		{24F94C94-9FD1-4149-8E16-61223BB9FB48}.Debug|x64.ActiveCfg = Debug|x64
		{24F94C94-9FD1-4149-8E16-61223BB9FB48}.Debug|x64.Build.0 = Debug|x64
		{24F94C94-9FD1-4149-8E16-61223BB9FB48}.Debug|x86.ActiveCfg = Debug|x64
		{24F94C94-9FD1-4149-8E16-61223BB9FB48}.Debug|x86.Build.0 = Debug|x64
		{24F94C94-9FD1-4149-8E16-61223BB9FB48}.Release|x64.ActiveCfg = Release|x64
		{24F94C94-9FD1-4149-8E16-61223BB9FB48}.Release|x64.Build.0 = Release|x64
		{24F94C94-9FD1-4149-8E16-61223BB9FB48}.Release|x86.ActiveCfg = Release|x64
		{24F94C94-9FD1-4149-8E16-61223BB9FB48}.Release|x86.Build.0 = Release|x64
		{BC9136DF-5CDC-40A8-A990-412E27E5C859}.Debug|x64.ActiveCfg = Debug|x64
		{BC9136DF-5CDC-40A8-A990-412E27E5C859}.Debug|x64.Build.0 = Debug|x64
		{BC9136DF-5CDC-40A8-A990-412E27E5C859}.Debug|x86.ActiveCfg = Debug|x64
		{BC9136DF-5CDC-40A8-A990-412E27E5C859}.Debug|x86.Build.0 = Debug|x64
		{BC9136DF-5CDC-40A8-A990-412E27E5C859}.Release|x64.ActiveCfg = Release|x64
		{BC9136DF-5CDC-40A8-A990-412E27E5C859}.Release|x64.Build.0 = Release|x64
		{BC9136DF-5CDC-40A8-A990-412E27E5C859}.Release|x86.ActiveCfg = Release|x64
		{BC9136DF-5CDC-40A8-A990-412E27E5C859}.Release|x86.Build.0 = Release|x64
		{1B0F0000-0000-4000-8000-00000000B0F0}.Debug|x64.ActiveCfg = Debug|x64
		{1B0F0000-0000-4000-8000-00000000B0F0}.Debug|x86.ActiveCfg = Debug|x64
		{1B0F0000-0000-4000-8000-00000000B0F0}.Release|x64.ActiveCfg = Release|x64
		{1B0F0000-0000-4000-8000-00000000B0F0}.Release|x86.ActiveCfg = Release|x64
		{6A7E0A00-0000-4000-8000-00000000A7E0}.Debug|x64.ActiveCfg = Debug|x64
		{6A7E0A00-0000-4000-8000-00000000A7E0}.Debug|x64.Build.0 = Debug|x64
		{6A7E0A00-0000-4000-8000-00000000A7E0}.Debug|x86.ActiveCfg = Debug|x64
		{6A7E0A00-0000-4000-8000-00000000A7E0}.Release|x64.ActiveCfg = Release|x64
		{6A7E0A00-0000-4000-8000-00000000A7E0}.Release|x64.Build.0 = Release|x64
		{6A7E0A00-0000-4000-8000-00000000A7E0}.Release|x86.ActiveCfg = Release|x64
		{7A6CCE8D-90E0-32A0-BDDA-1C9E42DDF9AC}.Debug|x64.ActiveCfg = Debug|x64
		{7A6CCE8D-90E0-32A0-BDDA-1C9E42DDF9AC}.Debug|x86.ActiveCfg = Debug|x64
		{7A6CCE8D-90E0-32A0-BDDA-1C9E42DDF9AC}.Release|x64.ActiveCfg = Release|x64
		{7A6CCE8D-90E0-32A0-BDDA-1C9E42DDF9AC}.Release|x86.ActiveCfg = Release|x64
		{062D87F6-AB00-3D2E-900C-6ADC2A3ABD67}.Debug|x64.ActiveCfg = Debug|x64
		{062D87F6-AB00-3D2E-900C-6ADC2A3ABD67}.Debug|x86.ActiveCfg = Debug|x64
		{062D87F6-AB00-3D2E-900C-6ADC2A3ABD67}.Release|x64.ActiveCfg = Release|x64
		{062D87F6-AB00-3D2E-900C-6ADC2A3ABD67}.Release|x86.ActiveCfg = Release|x64
	EndGlobalSection
	GlobalSection(SolutionProperties) = preSolution
		HideSolutionNode = FALSE
	EndGlobalSection
	GlobalSection(NestedProjects) = preSolution
		{4E7B9635-9511-47D3-B849-047E3C477B04} = {02EA681E-C7D8-13C7-8484-4AC65E1B71E8}
		{D94B6981-A080-453E-A9ED-BE37C0D55171} = {02EA681E-C7D8-13C7-8484-4AC65E1B71E8}
		{E4B5A6D1-DCEB-45E2-A6BD-A776B3EDA803} = {02EA681E-C7D8-13C7-8484-4AC65E1B71E8}
		{7C1F5A2E-9D34-4B7A-9E51-3F2A6C8B1D40} = {02EA681E-C7D8-13C7-8484-4AC65E1B71E8}
		{E0016450-F4AC-4B31-B44A-D2F9B794E442} = {02EA681E-C7D8-13C7-8484-4AC65E1B71E8}
		{CEC46ACC-AE15-4406-87BB-74B89E836671} = {02EA681E-C7D8-13C7-8484-4AC65E1B71E8}
		{102BDA33-5EE9-48B4-8719-0C8E0824799D} = {C0DEC000-0000-4000-8000-000000000000}
		{2A5C974C-B92F-4C03-99F4-790A19C539AA} = {C0DEC000-0000-4000-8000-000000000000}
		{1AE13F94-B5D3-4BBC-9424-8318689BE460} = {C0DEC000-0000-4000-8000-000000000000}
		{7B7E80F3-2F5F-43B0-A562-86EDE3CF2CCF} = {C0DEC000-0000-4000-8000-000000000000}
		{086D7C4C-D0CE-4254-AA39-67A8A902C2EB} = {C0DEC000-0000-4000-8000-000000000000}
		{117211EC-8C7F-4F96-B2E9-A13ABE277AD3} = {C0DEC000-0000-4000-8000-000000000000}
		{87F034BA-D487-43D9-A2FE-D8E93730CB0D} = {C0DEC000-0000-4000-8000-000000000000}
		{46E1410B-275F-4A33-8877-57162A498326} = {C0DEC000-0000-4000-8000-000000000000}
		{24F94C94-9FD1-4149-8E16-61223BB9FB48} = {C0DEC000-0000-4000-8000-000000000000}
		{BC9136DF-5CDC-40A8-A990-412E27E5C859} = {C0DEC000-0000-4000-8000-000000000000}
		{1B0F0000-0000-4000-8000-00000000B0F0} = {C0DEC000-0000-4000-8000-000000000000}
		{7A6CCE8D-90E0-32A0-BDDA-1C9E42DDF9AC} = {C0DEC000-0000-4000-8000-000000000000}
		{062D87F6-AB00-3D2E-900C-6ADC2A3ABD67} = {C0DEC000-0000-4000-8000-000000000000}
	EndGlobalSection
	GlobalSection(ExtensibilityGlobals) = postSolution
		SolutionGuid = {0DE27CD5-3CD4-4A61-B1E8-11BA4CA8EBE8}
	EndGlobalSection
EndGlobal
