<?xml version="1.0" encoding="utf-8"?>
<Project ToolsVersion="4.0" xmlns="http://schemas.microsoft.com/developer/msbuild/2003">
  <ItemGroup>
    <Filter Include="dav1d"><UniqueIdentifier>{da71d000-0001-4000-8000-0000da71d001}</UniqueIdentifier></Filter>
    <Filter Include="dav1d\bitdepth"><UniqueIdentifier>{da71d000-0003-4000-8000-0000da71d003}</UniqueIdentifier></Filter>
    <Filter Include="dav1d\x86"><UniqueIdentifier>{da71d000-0004-4000-8000-0000da71d004}</UniqueIdentifier></Filter>
    <Filter Include="dav1d\win32"><UniqueIdentifier>{da71d000-0002-4000-8000-0000da71d002}</UniqueIdentifier></Filter>
    <Filter Include="media"><UniqueIdentifier>{4ded3370-d1cc-4ba8-a759-573f043d72f9}</UniqueIdentifier></Filter>
    <Filter Include="opus"><UniqueIdentifier>{0c3779be-aeef-42ec-aef1-59a1e8e03e92}</UniqueIdentifier></Filter>
    <Filter Include="opus\celt"><UniqueIdentifier>{9bec663b-dd7d-4770-8d9b-96ccfa7a8ff5}</UniqueIdentifier></Filter>
    <Filter Include="opus\silk"><UniqueIdentifier>{aa5bfb7c-4962-49dc-ad5f-a8f0e0297a0e}</UniqueIdentifier></Filter>
    <Filter Include="opus\silk\float"><UniqueIdentifier>{c192803d-022b-42b1-a49c-b1b3edb8e386}</UniqueIdentifier></Filter>
    <Filter Include="opus\src"><UniqueIdentifier>{1eaa23f8-f792-4ac8-9a52-2a29bb40853b}</UniqueIdentifier></Filter>
    <Filter Include="vpx"><UniqueIdentifier>{f4530b5b-ce9d-419e-9fd7-1359a629eaab}</UniqueIdentifier></Filter>
    <Filter Include="vpx\vp9"><UniqueIdentifier>{2ba05d41-78cb-4289-b2d1-96147e01eb61}</UniqueIdentifier></Filter>
    <Filter Include="vpx\vp9\common"><UniqueIdentifier>{a83ec5ab-2254-4ced-b581-884b6c11324c}</UniqueIdentifier></Filter>
    <Filter Include="vpx\vp9\common\x86"><UniqueIdentifier>{f9795be4-f837-4203-bcc8-1ae133967d5b}</UniqueIdentifier></Filter>
    <Filter Include="vpx\vp9\decoder"><UniqueIdentifier>{39c0fc91-3a70-4b24-895a-56f943fdec36}</UniqueIdentifier></Filter>
    <Filter Include="vpx\vp9\encoder"><UniqueIdentifier>{a9cecb2a-c7a4-4c53-9175-6c6b4c398de2}</UniqueIdentifier></Filter>
    <Filter Include="vpx\vp9\encoder\x86"><UniqueIdentifier>{f333b511-fc20-4d05-b80c-2daf87cb9c92}</UniqueIdentifier></Filter>
    <Filter Include="vpx\vpx"><UniqueIdentifier>{66319490-f041-4cdf-a0ef-576567971b36}</UniqueIdentifier></Filter>
    <Filter Include="vpx\vpx\src"><UniqueIdentifier>{a9839a07-9d39-4064-b9d1-a18b7eede19e}</UniqueIdentifier></Filter>
    <Filter Include="vpx\vpx_dsp"><UniqueIdentifier>{38755fec-17f6-4328-8899-b4f24a15f7e0}</UniqueIdentifier></Filter>
    <Filter Include="vpx\vpx_dsp\x86"><UniqueIdentifier>{7595fc24-5c7f-40da-8fc8-03fb0d457fb2}</UniqueIdentifier></Filter>
    <Filter Include="vpx\vpx_mem"><UniqueIdentifier>{1c0a116d-edad-4182-8258-5ac8f3ff0831}</UniqueIdentifier></Filter>
    <Filter Include="vpx\vpx_ports"><UniqueIdentifier>{9a710499-49ed-43db-be56-961b41635ef8}</UniqueIdentifier></Filter>
    <Filter Include="vpx\vpx_scale"><UniqueIdentifier>{be96c299-4176-4098-a59d-736f8be32bda}</UniqueIdentifier></Filter>
    <Filter Include="vpx\vpx_scale\generic"><UniqueIdentifier>{e73e1680-a65c-48cb-a2c2-bcbec1b55fe5}</UniqueIdentifier></Filter>
    <Filter Include="vpx\vpx_util"><UniqueIdentifier>{a86267b1-996d-4cff-8e9c-9ab35bfb8cc7}</UniqueIdentifier></Filter>
  </ItemGroup>
  <ItemGroup>
    <ClCompile Include="media/media_codec.c"><Filter>media</Filter></ClCompile>
    <ClCompile Include="media/codec_opus.c"><Filter>media</Filter></ClCompile>
    <ClCompile Include="media/codec_vp9.c"><Filter>media</Filter></ClCompile>
    <ClCompile Include="media/codec_av1.c"><Filter>media</Filter></ClCompile>
    <ClCompile Include="dav1d/src/cdf.c"><Filter>dav1d</Filter></ClCompile>
    <ClCompile Include="dav1d/src/cpu.c"><Filter>dav1d</Filter></ClCompile>
    <ClCompile Include="dav1d/src/ctx.c"><Filter>dav1d</Filter></ClCompile>
    <ClCompile Include="dav1d/src/data.c"><Filter>dav1d</Filter></ClCompile>
    <ClCompile Include="dav1d/src/decode.c"><Filter>dav1d</Filter></ClCompile>
    <ClCompile Include="dav1d/src/dequant_tables.c"><Filter>dav1d</Filter></ClCompile>
    <ClCompile Include="dav1d/src/getbits.c"><Filter>dav1d</Filter></ClCompile>
    <ClCompile Include="dav1d/src/intra_edge.c"><Filter>dav1d</Filter></ClCompile>
    <ClCompile Include="dav1d/src/itx_1d.c"><Filter>dav1d</Filter></ClCompile>
    <ClCompile Include="dav1d/src/lf_mask.c"><Filter>dav1d</Filter></ClCompile>
    <ClCompile Include="dav1d/src/lib.c"><Filter>dav1d</Filter></ClCompile>
    <ClCompile Include="dav1d/src/log.c"><Filter>dav1d</Filter></ClCompile>
    <ClCompile Include="dav1d/src/mem.c"><Filter>dav1d</Filter></ClCompile>
    <ClCompile Include="dav1d/src/msac.c"><Filter>dav1d</Filter></ClCompile>
    <ClCompile Include="dav1d/src/obu.c"><Filter>dav1d</Filter></ClCompile>
    <ClCompile Include="dav1d/src/pal.c"><Filter>dav1d</Filter></ClCompile>
    <ClCompile Include="dav1d/src/picture.c"><Filter>dav1d</Filter></ClCompile>
    <ClCompile Include="dav1d/src/qm.c"><Filter>dav1d</Filter></ClCompile>
    <ClCompile Include="dav1d/src/ref.c"><Filter>dav1d</Filter></ClCompile>
    <ClCompile Include="dav1d/src/refmvs.c"><Filter>dav1d</Filter></ClCompile>
    <ClCompile Include="dav1d/src/scan.c"><Filter>dav1d</Filter></ClCompile>
    <ClCompile Include="dav1d/src/tables.c"><Filter>dav1d</Filter></ClCompile>
    <ClCompile Include="dav1d/src/thread_task.c"><Filter>dav1d</Filter></ClCompile>
    <ClCompile Include="dav1d/src/warpmv.c"><Filter>dav1d</Filter></ClCompile>
    <ClCompile Include="dav1d/src/wedge.c"><Filter>dav1d</Filter></ClCompile>
    <ClCompile Include="dav1d/src/win32/thread.c"><Filter>dav1d\win32</Filter></ClCompile>
    <ClCompile Include="dav1d/src/x86/cpu.c"><Filter>dav1d\x86</Filter></ClCompile>
    <ClCompile Include="dav1d/build/bitdepth/cdef_apply_tmpl_8bpc.c"><Filter>dav1d\bitdepth</Filter></ClCompile>
    <ClCompile Include="dav1d/build/bitdepth/cdef_apply_tmpl_16bpc.c"><Filter>dav1d\bitdepth</Filter></ClCompile>
    <ClCompile Include="dav1d/build/bitdepth/cdef_tmpl_8bpc.c"><Filter>dav1d\bitdepth</Filter></ClCompile>
    <ClCompile Include="dav1d/build/bitdepth/cdef_tmpl_16bpc.c"><Filter>dav1d\bitdepth</Filter></ClCompile>
    <ClCompile Include="dav1d/build/bitdepth/fg_apply_tmpl_8bpc.c"><Filter>dav1d\bitdepth</Filter></ClCompile>
    <ClCompile Include="dav1d/build/bitdepth/fg_apply_tmpl_16bpc.c"><Filter>dav1d\bitdepth</Filter></ClCompile>
    <ClCompile Include="dav1d/build/bitdepth/filmgrain_tmpl_8bpc.c"><Filter>dav1d\bitdepth</Filter></ClCompile>
    <ClCompile Include="dav1d/build/bitdepth/filmgrain_tmpl_16bpc.c"><Filter>dav1d\bitdepth</Filter></ClCompile>
    <ClCompile Include="dav1d/build/bitdepth/ipred_prepare_tmpl_8bpc.c"><Filter>dav1d\bitdepth</Filter></ClCompile>
    <ClCompile Include="dav1d/build/bitdepth/ipred_prepare_tmpl_16bpc.c"><Filter>dav1d\bitdepth</Filter></ClCompile>
    <ClCompile Include="dav1d/build/bitdepth/ipred_tmpl_8bpc.c"><Filter>dav1d\bitdepth</Filter></ClCompile>
    <ClCompile Include="dav1d/build/bitdepth/ipred_tmpl_16bpc.c"><Filter>dav1d\bitdepth</Filter></ClCompile>
    <ClCompile Include="dav1d/build/bitdepth/itx_tmpl_8bpc.c"><Filter>dav1d\bitdepth</Filter></ClCompile>
    <ClCompile Include="dav1d/build/bitdepth/itx_tmpl_16bpc.c"><Filter>dav1d\bitdepth</Filter></ClCompile>
    <ClCompile Include="dav1d/build/bitdepth/lf_apply_tmpl_8bpc.c"><Filter>dav1d\bitdepth</Filter></ClCompile>
    <ClCompile Include="dav1d/build/bitdepth/lf_apply_tmpl_16bpc.c"><Filter>dav1d\bitdepth</Filter></ClCompile>
    <ClCompile Include="dav1d/build/bitdepth/loopfilter_tmpl_8bpc.c"><Filter>dav1d\bitdepth</Filter></ClCompile>
    <ClCompile Include="dav1d/build/bitdepth/loopfilter_tmpl_16bpc.c"><Filter>dav1d\bitdepth</Filter></ClCompile>
    <ClCompile Include="dav1d/build/bitdepth/looprestoration_tmpl_8bpc.c"><Filter>dav1d\bitdepth</Filter></ClCompile>
    <ClCompile Include="dav1d/build/bitdepth/looprestoration_tmpl_16bpc.c"><Filter>dav1d\bitdepth</Filter></ClCompile>
    <ClCompile Include="dav1d/build/bitdepth/lr_apply_tmpl_8bpc.c"><Filter>dav1d\bitdepth</Filter></ClCompile>
    <ClCompile Include="dav1d/build/bitdepth/lr_apply_tmpl_16bpc.c"><Filter>dav1d\bitdepth</Filter></ClCompile>
    <ClCompile Include="dav1d/build/bitdepth/mc_tmpl_8bpc.c"><Filter>dav1d\bitdepth</Filter></ClCompile>
    <ClCompile Include="dav1d/build/bitdepth/mc_tmpl_16bpc.c"><Filter>dav1d\bitdepth</Filter></ClCompile>
    <ClCompile Include="dav1d/build/bitdepth/recon_tmpl_8bpc.c"><Filter>dav1d\bitdepth</Filter></ClCompile>
    <ClCompile Include="dav1d/build/bitdepth/recon_tmpl_16bpc.c"><Filter>dav1d\bitdepth</Filter></ClCompile>
    <ClCompile Include="media/codec_h264.c"><Filter>media</Filter></ClCompile>
    <ClCompile Include="media/codec_h265.c"><Filter>media</Filter></ClCompile>
    <ClCompile Include="media/image_plane.c"><Filter>media</Filter></ClCompile>
    <ClCompile Include="media/dec_select.c"><Filter>media</Filter></ClCompile>
    <ClCompile Include="media/codec_h264_dec.c"><Filter>media</Filter></ClCompile>
    <ClCompile Include="media/codec_h265_dec.c"><Filter>media</Filter></ClCompile>
    <ClCompile Include="media/enc_select.c"><Filter>media</Filter></ClCompile>
    <ClCompile Include="media/cpu_features.c"><Filter>media</Filter></ClCompile>
    <ClCompile Include="media/hw_mf.c"><Filter>media</Filter></ClCompile>
    <ClCompile Include="media/hw_dec_mf.c"><Filter>media</Filter></ClCompile>
    <ClCompile Include="opus/celt/bands.c"><Filter>opus\celt</Filter></ClCompile>
    <ClCompile Include="opus/celt/celt.c"><Filter>opus\celt</Filter></ClCompile>
    <ClCompile Include="opus/celt/celt_decoder.c"><Filter>opus\celt</Filter></ClCompile>
    <ClCompile Include="opus/celt/celt_encoder.c"><Filter>opus\celt</Filter></ClCompile>
    <ClCompile Include="opus/celt/celt_lpc.c"><Filter>opus\celt</Filter></ClCompile>
    <ClCompile Include="opus/celt/cwrs.c"><Filter>opus\celt</Filter></ClCompile>
    <ClCompile Include="opus/celt/entcode.c"><Filter>opus\celt</Filter></ClCompile>
    <ClCompile Include="opus/celt/entdec.c"><Filter>opus\celt</Filter></ClCompile>
    <ClCompile Include="opus/celt/entenc.c"><Filter>opus\celt</Filter></ClCompile>
    <ClCompile Include="opus/celt/kiss_fft.c"><Filter>opus\celt</Filter></ClCompile>
    <ClCompile Include="opus/celt/laplace.c"><Filter>opus\celt</Filter></ClCompile>
    <ClCompile Include="opus/celt/mathops.c"><Filter>opus\celt</Filter></ClCompile>
    <ClCompile Include="opus/celt/mdct.c"><Filter>opus\celt</Filter></ClCompile>
    <ClCompile Include="opus/celt/modes.c"><Filter>opus\celt</Filter></ClCompile>
    <ClCompile Include="opus/celt/pitch.c"><Filter>opus\celt</Filter></ClCompile>
    <ClCompile Include="opus/celt/quant_bands.c"><Filter>opus\celt</Filter></ClCompile>
    <ClCompile Include="opus/celt/rate.c"><Filter>opus\celt</Filter></ClCompile>
    <ClCompile Include="opus/celt/vq.c"><Filter>opus\celt</Filter></ClCompile>
    <ClCompile Include="opus/silk/A2NLSF.c"><Filter>opus\silk</Filter></ClCompile>
    <ClCompile Include="opus/silk/CNG.c"><Filter>opus\silk</Filter></ClCompile>
    <ClCompile Include="opus/silk/HP_variable_cutoff.c"><Filter>opus\silk</Filter></ClCompile>
    <ClCompile Include="opus/silk/LPC_analysis_filter.c"><Filter>opus\silk</Filter></ClCompile>
    <ClCompile Include="opus/silk/LPC_fit.c"><Filter>opus\silk</Filter></ClCompile>
    <ClCompile Include="opus/silk/LPC_inv_pred_gain.c"><Filter>opus\silk</Filter></ClCompile>
    <ClCompile Include="opus/silk/LP_variable_cutoff.c"><Filter>opus\silk</Filter></ClCompile>
    <ClCompile Include="opus/silk/NLSF2A.c"><Filter>opus\silk</Filter></ClCompile>
    <ClCompile Include="opus/silk/NLSF_VQ.c"><Filter>opus\silk</Filter></ClCompile>
    <ClCompile Include="opus/silk/NLSF_VQ_weights_laroia.c"><Filter>opus\silk</Filter></ClCompile>
    <ClCompile Include="opus/silk/NLSF_decode.c"><Filter>opus\silk</Filter></ClCompile>
    <ClCompile Include="opus/silk/NLSF_del_dec_quant.c"><Filter>opus\silk</Filter></ClCompile>
    <ClCompile Include="opus/silk/NLSF_encode.c"><Filter>opus\silk</Filter></ClCompile>
    <ClCompile Include="opus/silk/NLSF_stabilize.c"><Filter>opus\silk</Filter></ClCompile>
    <ClCompile Include="opus/silk/NLSF_unpack.c"><Filter>opus\silk</Filter></ClCompile>
    <ClCompile Include="opus/silk/NSQ.c"><Filter>opus\silk</Filter></ClCompile>
    <ClCompile Include="opus/silk/NSQ_del_dec.c"><Filter>opus\silk</Filter></ClCompile>
    <ClCompile Include="opus/silk/PLC.c"><Filter>opus\silk</Filter></ClCompile>
    <ClCompile Include="opus/silk/VAD.c"><Filter>opus\silk</Filter></ClCompile>
    <ClCompile Include="opus/silk/VQ_WMat_EC.c"><Filter>opus\silk</Filter></ClCompile>
    <ClCompile Include="opus/silk/ana_filt_bank_1.c"><Filter>opus\silk</Filter></ClCompile>
    <ClCompile Include="opus/silk/biquad_alt.c"><Filter>opus\silk</Filter></ClCompile>
    <ClCompile Include="opus/silk/bwexpander.c"><Filter>opus\silk</Filter></ClCompile>
    <ClCompile Include="opus/silk/bwexpander_32.c"><Filter>opus\silk</Filter></ClCompile>
    <ClCompile Include="opus/silk/check_control_input.c"><Filter>opus\silk</Filter></ClCompile>
    <ClCompile Include="opus/silk/code_signs.c"><Filter>opus\silk</Filter></ClCompile>
    <ClCompile Include="opus/silk/control_SNR.c"><Filter>opus\silk</Filter></ClCompile>
    <ClCompile Include="opus/silk/control_audio_bandwidth.c"><Filter>opus\silk</Filter></ClCompile>
    <ClCompile Include="opus/silk/control_codec.c"><Filter>opus\silk</Filter></ClCompile>
    <ClCompile Include="opus/silk/debug.c"><Filter>opus\silk</Filter></ClCompile>
    <ClCompile Include="opus/silk/dec_API.c"><Filter>opus\silk</Filter></ClCompile>
    <ClCompile Include="opus/silk/decode_core.c"><Filter>opus\silk</Filter></ClCompile>
    <ClCompile Include="opus/silk/decode_frame.c"><Filter>opus\silk</Filter></ClCompile>
    <ClCompile Include="opus/silk/decode_indices.c"><Filter>opus\silk</Filter></ClCompile>
    <ClCompile Include="opus/silk/decode_parameters.c"><Filter>opus\silk</Filter></ClCompile>
    <ClCompile Include="opus/silk/decode_pitch.c"><Filter>opus\silk</Filter></ClCompile>
    <ClCompile Include="opus/silk/decode_pulses.c"><Filter>opus\silk</Filter></ClCompile>
    <ClCompile Include="opus/silk/decoder_set_fs.c"><Filter>opus\silk</Filter></ClCompile>
    <ClCompile Include="opus/silk/enc_API.c"><Filter>opus\silk</Filter></ClCompile>
    <ClCompile Include="opus/silk/encode_indices.c"><Filter>opus\silk</Filter></ClCompile>
    <ClCompile Include="opus/silk/encode_pulses.c"><Filter>opus\silk</Filter></ClCompile>
    <ClCompile Include="opus/silk/float/LPC_analysis_filter_FLP.c"><Filter>opus\silk\float</Filter></ClCompile>
    <ClCompile Include="opus/silk/float/LPC_inv_pred_gain_FLP.c"><Filter>opus\silk\float</Filter></ClCompile>
    <ClCompile Include="opus/silk/float/LTP_analysis_filter_FLP.c"><Filter>opus\silk\float</Filter></ClCompile>
    <ClCompile Include="opus/silk/float/LTP_scale_ctrl_FLP.c"><Filter>opus\silk\float</Filter></ClCompile>
    <ClCompile Include="opus/silk/float/apply_sine_window_FLP.c"><Filter>opus\silk\float</Filter></ClCompile>
    <ClCompile Include="opus/silk/float/autocorrelation_FLP.c"><Filter>opus\silk\float</Filter></ClCompile>
    <ClCompile Include="opus/silk/float/burg_modified_FLP.c"><Filter>opus\silk\float</Filter></ClCompile>
    <ClCompile Include="opus/silk/float/bwexpander_FLP.c"><Filter>opus\silk\float</Filter></ClCompile>
    <ClCompile Include="opus/silk/float/corrMatrix_FLP.c"><Filter>opus\silk\float</Filter></ClCompile>
    <ClCompile Include="opus/silk/float/encode_frame_FLP.c"><Filter>opus\silk\float</Filter></ClCompile>
    <ClCompile Include="opus/silk/float/energy_FLP.c"><Filter>opus\silk\float</Filter></ClCompile>
    <ClCompile Include="opus/silk/float/find_LPC_FLP.c"><Filter>opus\silk\float</Filter></ClCompile>
    <ClCompile Include="opus/silk/float/find_LTP_FLP.c"><Filter>opus\silk\float</Filter></ClCompile>
    <ClCompile Include="opus/silk/float/find_pitch_lags_FLP.c"><Filter>opus\silk\float</Filter></ClCompile>
    <ClCompile Include="opus/silk/float/find_pred_coefs_FLP.c"><Filter>opus\silk\float</Filter></ClCompile>
    <ClCompile Include="opus/silk/float/inner_product_FLP.c"><Filter>opus\silk\float</Filter></ClCompile>
    <ClCompile Include="opus/silk/float/k2a_FLP.c"><Filter>opus\silk\float</Filter></ClCompile>
    <ClCompile Include="opus/silk/float/noise_shape_analysis_FLP.c"><Filter>opus\silk\float</Filter></ClCompile>
    <ClCompile Include="opus/silk/float/pitch_analysis_core_FLP.c"><Filter>opus\silk\float</Filter></ClCompile>
    <ClCompile Include="opus/silk/float/process_gains_FLP.c"><Filter>opus\silk\float</Filter></ClCompile>
    <ClCompile Include="opus/silk/float/regularize_correlations_FLP.c"><Filter>opus\silk\float</Filter></ClCompile>
    <ClCompile Include="opus/silk/float/residual_energy_FLP.c"><Filter>opus\silk\float</Filter></ClCompile>
    <ClCompile Include="opus/silk/float/scale_copy_vector_FLP.c"><Filter>opus\silk\float</Filter></ClCompile>
    <ClCompile Include="opus/silk/float/scale_vector_FLP.c"><Filter>opus\silk\float</Filter></ClCompile>
    <ClCompile Include="opus/silk/float/schur_FLP.c"><Filter>opus\silk\float</Filter></ClCompile>
    <ClCompile Include="opus/silk/float/sort_FLP.c"><Filter>opus\silk\float</Filter></ClCompile>
    <ClCompile Include="opus/silk/float/warped_autocorrelation_FLP.c"><Filter>opus\silk\float</Filter></ClCompile>
    <ClCompile Include="opus/silk/float/wrappers_FLP.c"><Filter>opus\silk\float</Filter></ClCompile>
    <ClCompile Include="opus/silk/gain_quant.c"><Filter>opus\silk</Filter></ClCompile>
    <ClCompile Include="opus/silk/init_decoder.c"><Filter>opus\silk</Filter></ClCompile>
    <ClCompile Include="opus/silk/init_encoder.c"><Filter>opus\silk</Filter></ClCompile>
    <ClCompile Include="opus/silk/inner_prod_aligned.c"><Filter>opus\silk</Filter></ClCompile>
    <ClCompile Include="opus/silk/interpolate.c"><Filter>opus\silk</Filter></ClCompile>
    <ClCompile Include="opus/silk/lin2log.c"><Filter>opus\silk</Filter></ClCompile>
    <ClCompile Include="opus/silk/log2lin.c"><Filter>opus\silk</Filter></ClCompile>
    <ClCompile Include="opus/silk/pitch_est_tables.c"><Filter>opus\silk</Filter></ClCompile>
    <ClCompile Include="opus/silk/process_NLSFs.c"><Filter>opus\silk</Filter></ClCompile>
    <ClCompile Include="opus/silk/quant_LTP_gains.c"><Filter>opus\silk</Filter></ClCompile>
    <ClCompile Include="opus/silk/resampler.c"><Filter>opus\silk</Filter></ClCompile>
    <ClCompile Include="opus/silk/resampler_down2.c"><Filter>opus\silk</Filter></ClCompile>
    <ClCompile Include="opus/silk/resampler_down2_3.c"><Filter>opus\silk</Filter></ClCompile>
    <ClCompile Include="opus/silk/resampler_private_AR2.c"><Filter>opus\silk</Filter></ClCompile>
    <ClCompile Include="opus/silk/resampler_private_IIR_FIR.c"><Filter>opus\silk</Filter></ClCompile>
    <ClCompile Include="opus/silk/resampler_private_down_FIR.c"><Filter>opus\silk</Filter></ClCompile>
    <ClCompile Include="opus/silk/resampler_private_up2_HQ.c"><Filter>opus\silk</Filter></ClCompile>
    <ClCompile Include="opus/silk/resampler_rom.c"><Filter>opus\silk</Filter></ClCompile>
    <ClCompile Include="opus/silk/shell_coder.c"><Filter>opus\silk</Filter></ClCompile>
    <ClCompile Include="opus/silk/sigm_Q15.c"><Filter>opus\silk</Filter></ClCompile>
    <ClCompile Include="opus/silk/sort.c"><Filter>opus\silk</Filter></ClCompile>
    <ClCompile Include="opus/silk/stereo_LR_to_MS.c"><Filter>opus\silk</Filter></ClCompile>
    <ClCompile Include="opus/silk/stereo_MS_to_LR.c"><Filter>opus\silk</Filter></ClCompile>
    <ClCompile Include="opus/silk/stereo_decode_pred.c"><Filter>opus\silk</Filter></ClCompile>
    <ClCompile Include="opus/silk/stereo_encode_pred.c"><Filter>opus\silk</Filter></ClCompile>
    <ClCompile Include="opus/silk/stereo_find_predictor.c"><Filter>opus\silk</Filter></ClCompile>
    <ClCompile Include="opus/silk/stereo_quant_pred.c"><Filter>opus\silk</Filter></ClCompile>
    <ClCompile Include="opus/silk/sum_sqr_shift.c"><Filter>opus\silk</Filter></ClCompile>
    <ClCompile Include="opus/silk/table_LSF_cos.c"><Filter>opus\silk</Filter></ClCompile>
    <ClCompile Include="opus/silk/tables_LTP.c"><Filter>opus\silk</Filter></ClCompile>
    <ClCompile Include="opus/silk/tables_NLSF_CB_NB_MB.c"><Filter>opus\silk</Filter></ClCompile>
    <ClCompile Include="opus/silk/tables_NLSF_CB_WB.c"><Filter>opus\silk</Filter></ClCompile>
    <ClCompile Include="opus/silk/tables_gain.c"><Filter>opus\silk</Filter></ClCompile>
    <ClCompile Include="opus/silk/tables_other.c"><Filter>opus\silk</Filter></ClCompile>
    <ClCompile Include="opus/silk/tables_pitch_lag.c"><Filter>opus\silk</Filter></ClCompile>
    <ClCompile Include="opus/silk/tables_pulses_per_block.c"><Filter>opus\silk</Filter></ClCompile>
    <ClCompile Include="opus/src/analysis.c"><Filter>opus\src</Filter></ClCompile>
    <ClCompile Include="opus/src/extensions.c"><Filter>opus\src</Filter></ClCompile>
    <ClCompile Include="opus/src/mapping_matrix.c"><Filter>opus\src</Filter></ClCompile>
    <ClCompile Include="opus/src/mlp.c"><Filter>opus\src</Filter></ClCompile>
    <ClCompile Include="opus/src/mlp_data.c"><Filter>opus\src</Filter></ClCompile>
    <ClCompile Include="opus/src/opus.c"><Filter>opus\src</Filter></ClCompile>
    <ClCompile Include="opus/src/opus_decoder.c"><Filter>opus\src</Filter></ClCompile>
    <ClCompile Include="opus/src/opus_encoder.c"><Filter>opus\src</Filter></ClCompile>
    <ClCompile Include="opus/src/opus_multistream.c"><Filter>opus\src</Filter></ClCompile>
    <ClCompile Include="opus/src/opus_multistream_decoder.c"><Filter>opus\src</Filter></ClCompile>
    <ClCompile Include="opus/src/opus_multistream_encoder.c"><Filter>opus\src</Filter></ClCompile>
    <ClCompile Include="opus/src/opus_projection_decoder.c"><Filter>opus\src</Filter></ClCompile>
    <ClCompile Include="opus/src/opus_projection_encoder.c"><Filter>opus\src</Filter></ClCompile>
    <ClCompile Include="opus/src/repacketizer.c"><Filter>opus\src</Filter></ClCompile>
    <ClCompile Include="vpx/vp9/common/vp9_alloccommon.c"><Filter>vpx\vp9\common</Filter></ClCompile>
    <ClCompile Include="vpx/vp9/common/vp9_blockd.c"><Filter>vpx\vp9\common</Filter></ClCompile>
    <ClCompile Include="vpx/vp9/common/vp9_common_data.c"><Filter>vpx\vp9\common</Filter></ClCompile>
    <ClCompile Include="vpx/vp9/common/vp9_debugmodes.c"><Filter>vpx\vp9\common</Filter></ClCompile>
    <ClCompile Include="vpx/vp9/common/vp9_entropy.c"><Filter>vpx\vp9\common</Filter></ClCompile>
    <ClCompile Include="vpx/vp9/common/vp9_entropymode.c"><Filter>vpx\vp9\common</Filter></ClCompile>
    <ClCompile Include="vpx/vp9/common/vp9_entropymv.c"><Filter>vpx\vp9\common</Filter></ClCompile>
    <ClCompile Include="vpx/vp9/common/vp9_filter.c"><Filter>vpx\vp9\common</Filter></ClCompile>
    <ClCompile Include="vpx/vp9/common/vp9_frame_buffers.c"><Filter>vpx\vp9\common</Filter></ClCompile>
    <ClCompile Include="vpx/vp9/common/vp9_idct.c"><Filter>vpx\vp9\common</Filter></ClCompile>
    <ClCompile Include="vpx/vp9/common/vp9_loopfilter.c"><Filter>vpx\vp9\common</Filter></ClCompile>
    <ClCompile Include="vpx/vp9/common/vp9_mvref_common.c"><Filter>vpx\vp9\common</Filter></ClCompile>
    <ClCompile Include="vpx/vp9/common/vp9_pred_common.c"><Filter>vpx\vp9\common</Filter></ClCompile>
    <ClCompile Include="vpx/vp9/common/vp9_quant_common.c"><Filter>vpx\vp9\common</Filter></ClCompile>
    <ClCompile Include="vpx/vp9/common/vp9_reconinter.c"><Filter>vpx\vp9\common</Filter></ClCompile>
    <ClCompile Include="vpx/vp9/common/vp9_reconintra.c"><Filter>vpx\vp9\common</Filter></ClCompile>
    <ClCompile Include="vpx/vp9/common/vp9_rtcd.c"><Filter>vpx\vp9\common</Filter></ClCompile>
    <ClCompile Include="vpx/vp9/common/vp9_scale.c"><Filter>vpx\vp9\common</Filter></ClCompile>
    <ClCompile Include="vpx/vp9/common/vp9_scan.c"><Filter>vpx\vp9\common</Filter></ClCompile>
    <ClCompile Include="vpx/vp9/common/vp9_seg_common.c"><Filter>vpx\vp9\common</Filter></ClCompile>
    <ClCompile Include="vpx/vp9/common/vp9_thread_common.c"><Filter>vpx\vp9\common</Filter></ClCompile>
    <ClCompile Include="vpx/vp9/common/vp9_tile_common.c"><Filter>vpx\vp9\common</Filter></ClCompile>
    <ClCompile Include="vpx/vp9/common/x86/vp9_idct_intrin_sse2.c"><Filter>vpx\vp9\common\x86</Filter></ClCompile>
    <ClCompile Include="vpx/vp9/decoder/vp9_decodeframe.c"><Filter>vpx\vp9\decoder</Filter></ClCompile>
    <ClCompile Include="vpx/vp9/decoder/vp9_decodemv.c"><Filter>vpx\vp9\decoder</Filter></ClCompile>
    <ClCompile Include="vpx/vp9/decoder/vp9_decoder.c"><Filter>vpx\vp9\decoder</Filter></ClCompile>
    <ClCompile Include="vpx/vp9/decoder/vp9_detokenize.c"><Filter>vpx\vp9\decoder</Filter></ClCompile>
    <ClCompile Include="vpx/vp9/decoder/vp9_dsubexp.c"><Filter>vpx\vp9\decoder</Filter></ClCompile>
    <ClCompile Include="vpx/vp9/decoder/vp9_job_queue.c"><Filter>vpx\vp9\decoder</Filter></ClCompile>
    <ClCompile Include="vpx/vp9/encoder/vp9_alt_ref_aq.c"><Filter>vpx\vp9\encoder</Filter></ClCompile>
    <ClCompile Include="vpx/vp9/encoder/vp9_aq_360.c"><Filter>vpx\vp9\encoder</Filter></ClCompile>
    <ClCompile Include="vpx/vp9/encoder/vp9_aq_complexity.c"><Filter>vpx\vp9\encoder</Filter></ClCompile>
    <ClCompile Include="vpx/vp9/encoder/vp9_aq_cyclicrefresh.c"><Filter>vpx\vp9\encoder</Filter></ClCompile>
    <ClCompile Include="vpx/vp9/encoder/vp9_aq_variance.c"><Filter>vpx\vp9\encoder</Filter></ClCompile>
    <ClCompile Include="vpx/vp9/encoder/vp9_bitstream.c"><Filter>vpx\vp9\encoder</Filter></ClCompile>
    <ClCompile Include="vpx/vp9/encoder/vp9_context_tree.c"><Filter>vpx\vp9\encoder</Filter></ClCompile>
    <ClCompile Include="vpx/vp9/encoder/vp9_cost.c"><Filter>vpx\vp9\encoder</Filter></ClCompile>
    <ClCompile Include="vpx/vp9/encoder/vp9_dct.c"><Filter>vpx\vp9\encoder</Filter></ClCompile>
    <ClCompile Include="vpx/vp9/encoder/vp9_encodeframe.c"><Filter>vpx\vp9\encoder</Filter></ClCompile>
    <ClCompile Include="vpx/vp9/encoder/vp9_encodemb.c"><Filter>vpx\vp9\encoder</Filter></ClCompile>
    <ClCompile Include="vpx/vp9/encoder/vp9_encodemv.c"><Filter>vpx\vp9\encoder</Filter></ClCompile>
    <ClCompile Include="vpx/vp9/encoder/vp9_encoder.c"><Filter>vpx\vp9\encoder</Filter></ClCompile>
    <ClCompile Include="vpx/vp9/encoder/vp9_ethread.c"><Filter>vpx\vp9\encoder</Filter></ClCompile>
    <ClCompile Include="vpx/vp9/encoder/vp9_ext_ratectrl.c"><Filter>vpx\vp9\encoder</Filter></ClCompile>
    <ClCompile Include="vpx/vp9/encoder/vp9_extend.c"><Filter>vpx\vp9\encoder</Filter></ClCompile>
    <ClCompile Include="vpx/vp9/encoder/vp9_firstpass.c"><Filter>vpx\vp9\encoder</Filter></ClCompile>
    <ClCompile Include="vpx/vp9/encoder/vp9_frame_scale.c"><Filter>vpx\vp9\encoder</Filter></ClCompile>
    <ClCompile Include="vpx/vp9/encoder/vp9_lookahead.c"><Filter>vpx\vp9\encoder</Filter></ClCompile>
    <ClCompile Include="vpx/vp9/encoder/vp9_mbgraph.c"><Filter>vpx\vp9\encoder</Filter></ClCompile>
    <ClCompile Include="vpx/vp9/encoder/vp9_mcomp.c"><Filter>vpx\vp9\encoder</Filter></ClCompile>
    <ClCompile Include="vpx/vp9/encoder/vp9_multi_thread.c"><Filter>vpx\vp9\encoder</Filter></ClCompile>
    <ClCompile Include="vpx/vp9/encoder/vp9_noise_estimate.c"><Filter>vpx\vp9\encoder</Filter></ClCompile>
    <ClCompile Include="vpx/vp9/encoder/vp9_picklpf.c"><Filter>vpx\vp9\encoder</Filter></ClCompile>
    <ClCompile Include="vpx/vp9/encoder/vp9_pickmode.c"><Filter>vpx\vp9\encoder</Filter></ClCompile>
    <ClCompile Include="vpx/vp9/encoder/vp9_quantize.c"><Filter>vpx\vp9\encoder</Filter></ClCompile>
    <ClCompile Include="vpx/vp9/encoder/vp9_ratectrl.c"><Filter>vpx\vp9\encoder</Filter></ClCompile>
    <ClCompile Include="vpx/vp9/encoder/vp9_rd.c"><Filter>vpx\vp9\encoder</Filter></ClCompile>
    <ClCompile Include="vpx/vp9/encoder/vp9_rdopt.c"><Filter>vpx\vp9\encoder</Filter></ClCompile>
    <ClCompile Include="vpx/vp9/encoder/vp9_resize.c"><Filter>vpx\vp9\encoder</Filter></ClCompile>
    <ClCompile Include="vpx/vp9/encoder/vp9_segmentation.c"><Filter>vpx\vp9\encoder</Filter></ClCompile>
    <ClCompile Include="vpx/vp9/encoder/vp9_skin_detection.c"><Filter>vpx\vp9\encoder</Filter></ClCompile>
    <ClCompile Include="vpx/vp9/encoder/vp9_speed_features.c"><Filter>vpx\vp9\encoder</Filter></ClCompile>
    <ClCompile Include="vpx/vp9/encoder/vp9_subexp.c"><Filter>vpx\vp9\encoder</Filter></ClCompile>
    <ClCompile Include="vpx/vp9/encoder/vp9_svc_layercontext.c"><Filter>vpx\vp9\encoder</Filter></ClCompile>
    <ClCompile Include="vpx/vp9/encoder/vp9_temporal_filter.c"><Filter>vpx\vp9\encoder</Filter></ClCompile>
    <ClCompile Include="vpx/vp9/encoder/vp9_tokenize.c"><Filter>vpx\vp9\encoder</Filter></ClCompile>
    <ClCompile Include="vpx/vp9/encoder/vp9_tpl_model.c"><Filter>vpx\vp9\encoder</Filter></ClCompile>
    <ClCompile Include="vpx/vp9/encoder/vp9_treewriter.c"><Filter>vpx\vp9\encoder</Filter></ClCompile>
    <ClCompile Include="vpx/vp9/encoder/x86/temporal_filter_sse4.c"><Filter>vpx\vp9\encoder\x86</Filter></ClCompile>
    <ClCompile Include="vpx/vp9/encoder/x86/vp9_dct_intrin_sse2.c"><Filter>vpx\vp9\encoder\x86</Filter></ClCompile>
    <ClCompile Include="vpx/vp9/encoder/x86/vp9_error_avx2.c"><Filter>vpx\vp9\encoder\x86</Filter></ClCompile>
    <ClCompile Include="vpx/vp9/encoder/x86/vp9_frame_scale_ssse3.c"><Filter>vpx\vp9\encoder\x86</Filter></ClCompile>
    <ClCompile Include="vpx/vp9/encoder/x86/vp9_quantize_avx2.c"><Filter>vpx\vp9\encoder\x86</Filter></ClCompile>
    <ClCompile Include="vpx/vp9/encoder/x86/vp9_quantize_sse2.c"><Filter>vpx\vp9\encoder\x86</Filter></ClCompile>
    <ClCompile Include="vpx/vp9/encoder/x86/vp9_quantize_ssse3.c"><Filter>vpx\vp9\encoder\x86</Filter></ClCompile>
    <ClCompile Include="vpx/vp9/vp9_cx_iface.c"><Filter>vpx\vp9</Filter></ClCompile>
    <ClCompile Include="vpx/vp9/vp9_dx_iface.c"><Filter>vpx\vp9</Filter></ClCompile>
    <ClCompile Include="vpx/vp9/vp9_iface_common.c"><Filter>vpx\vp9</Filter></ClCompile>
    <ClCompile Include="vpx/vpx/src/vpx_codec.c"><Filter>vpx\vpx\src</Filter></ClCompile>
    <ClCompile Include="vpx/vpx/src/vpx_decoder.c"><Filter>vpx\vpx\src</Filter></ClCompile>
    <ClCompile Include="vpx/vpx/src/vpx_encoder.c"><Filter>vpx\vpx\src</Filter></ClCompile>
    <ClCompile Include="vpx/vpx/src/vpx_image.c"><Filter>vpx\vpx\src</Filter></ClCompile>
    <ClCompile Include="vpx/vpx/src/vpx_tpl.c"><Filter>vpx\vpx\src</Filter></ClCompile>
    <ClCompile Include="vpx/vpx_config.c"><Filter>vpx</Filter></ClCompile>
    <ClCompile Include="vpx/vpx_dsp/add_noise.c"><Filter>vpx\vpx_dsp</Filter></ClCompile>
    <ClCompile Include="vpx/vpx_dsp/avg.c"><Filter>vpx\vpx_dsp</Filter></ClCompile>
    <ClCompile Include="vpx/vpx_dsp/bitreader.c"><Filter>vpx\vpx_dsp</Filter></ClCompile>
    <ClCompile Include="vpx/vpx_dsp/bitreader_buffer.c"><Filter>vpx\vpx_dsp</Filter></ClCompile>
    <ClCompile Include="vpx/vpx_dsp/bitwriter.c"><Filter>vpx\vpx_dsp</Filter></ClCompile>
    <ClCompile Include="vpx/vpx_dsp/bitwriter_buffer.c"><Filter>vpx\vpx_dsp</Filter></ClCompile>
    <ClCompile Include="vpx/vpx_dsp/deblock.c"><Filter>vpx\vpx_dsp</Filter></ClCompile>
    <ClCompile Include="vpx/vpx_dsp/fwd_txfm.c"><Filter>vpx\vpx_dsp</Filter></ClCompile>
    <ClCompile Include="vpx/vpx_dsp/intrapred.c"><Filter>vpx\vpx_dsp</Filter></ClCompile>
    <ClCompile Include="vpx/vpx_dsp/inv_txfm.c"><Filter>vpx\vpx_dsp</Filter></ClCompile>
    <ClCompile Include="vpx/vpx_dsp/loopfilter.c"><Filter>vpx\vpx_dsp</Filter></ClCompile>
    <ClCompile Include="vpx/vpx_dsp/prob.c"><Filter>vpx\vpx_dsp</Filter></ClCompile>
    <ClCompile Include="vpx/vpx_dsp/psnr.c"><Filter>vpx\vpx_dsp</Filter></ClCompile>
    <ClCompile Include="vpx/vpx_dsp/quantize.c"><Filter>vpx\vpx_dsp</Filter></ClCompile>
    <ClCompile Include="vpx/vpx_dsp/sad.c"><Filter>vpx\vpx_dsp</Filter></ClCompile>
    <ClCompile Include="vpx/vpx_dsp/skin_detection.c"><Filter>vpx\vpx_dsp</Filter></ClCompile>
    <ClCompile Include="vpx/vpx_dsp/sse.c"><Filter>vpx\vpx_dsp</Filter></ClCompile>
    <ClCompile Include="vpx/vpx_dsp/subtract.c"><Filter>vpx\vpx_dsp</Filter></ClCompile>
    <ClCompile Include="vpx/vpx_dsp/sum_squares.c"><Filter>vpx\vpx_dsp</Filter></ClCompile>
    <ClCompile Include="vpx/vpx_dsp/variance.c"><Filter>vpx\vpx_dsp</Filter></ClCompile>
    <ClCompile Include="vpx/vpx_dsp/vpx_convolve.c"><Filter>vpx\vpx_dsp</Filter></ClCompile>
    <ClCompile Include="vpx/vpx_dsp/vpx_dsp_rtcd.c"><Filter>vpx\vpx_dsp</Filter></ClCompile>
    <ClCompile Include="vpx/vpx_dsp/x86/avg_intrin_avx2.c"><Filter>vpx\vpx_dsp\x86</Filter></ClCompile>
    <ClCompile Include="vpx/vpx_dsp/x86/avg_intrin_sse2.c"><Filter>vpx\vpx_dsp\x86</Filter></ClCompile>
    <ClCompile Include="vpx/vpx_dsp/x86/avg_pred_avx2.c"><Filter>vpx\vpx_dsp\x86</Filter></ClCompile>
    <ClCompile Include="vpx/vpx_dsp/x86/avg_pred_sse2.c"><Filter>vpx\vpx_dsp\x86</Filter></ClCompile>
    <ClCompile Include="vpx/vpx_dsp/x86/fwd_txfm_avx2.c"><Filter>vpx\vpx_dsp\x86</Filter></ClCompile>
    <ClCompile Include="vpx/vpx_dsp/x86/fwd_txfm_sse2.c"><Filter>vpx\vpx_dsp\x86</Filter></ClCompile>
    <ClCompile Include="vpx/vpx_dsp/x86/inv_txfm_avx2.c"><Filter>vpx\vpx_dsp\x86</Filter></ClCompile>
    <ClCompile Include="vpx/vpx_dsp/x86/inv_txfm_sse2.c"><Filter>vpx\vpx_dsp\x86</Filter></ClCompile>
    <ClCompile Include="vpx/vpx_dsp/x86/inv_txfm_ssse3.c"><Filter>vpx\vpx_dsp\x86</Filter></ClCompile>
    <ClCompile Include="vpx/vpx_dsp/x86/loopfilter_avx2.c"><Filter>vpx\vpx_dsp\x86</Filter></ClCompile>
    <ClCompile Include="vpx/vpx_dsp/x86/loopfilter_sse2.c"><Filter>vpx\vpx_dsp\x86</Filter></ClCompile>
    <ClCompile Include="vpx/vpx_dsp/x86/post_proc_sse2.c"><Filter>vpx\vpx_dsp\x86</Filter></ClCompile>
    <ClCompile Include="vpx/vpx_dsp/x86/quantize_avx.c"><Filter>vpx\vpx_dsp\x86</Filter></ClCompile>
    <ClCompile Include="vpx/vpx_dsp/x86/quantize_avx2.c"><Filter>vpx\vpx_dsp\x86</Filter></ClCompile>
    <ClCompile Include="vpx/vpx_dsp/x86/quantize_sse2.c"><Filter>vpx\vpx_dsp\x86</Filter></ClCompile>
    <ClCompile Include="vpx/vpx_dsp/x86/quantize_ssse3.c"><Filter>vpx\vpx_dsp\x86</Filter></ClCompile>
    <ClCompile Include="vpx/vpx_dsp/x86/sad4d_avx2.c"><Filter>vpx\vpx_dsp\x86</Filter></ClCompile>
    <ClCompile Include="vpx/vpx_dsp/x86/sad4d_avx512.c"><Filter>vpx\vpx_dsp\x86</Filter></ClCompile>
    <ClCompile Include="vpx/vpx_dsp/x86/sad_avx2.c"><Filter>vpx\vpx_dsp\x86</Filter></ClCompile>
    <ClCompile Include="vpx/vpx_dsp/x86/sse_avx2.c"><Filter>vpx\vpx_dsp\x86</Filter></ClCompile>
    <ClCompile Include="vpx/vpx_dsp/x86/sse_sse4.c"><Filter>vpx\vpx_dsp\x86</Filter></ClCompile>
    <ClCompile Include="vpx/vpx_dsp/x86/subtract_avx2.c"><Filter>vpx\vpx_dsp\x86</Filter></ClCompile>
    <ClCompile Include="vpx/vpx_dsp/x86/sum_squares_sse2.c"><Filter>vpx\vpx_dsp\x86</Filter></ClCompile>
    <ClCompile Include="vpx/vpx_dsp/x86/variance_avx2.c"><Filter>vpx\vpx_dsp\x86</Filter></ClCompile>
    <ClCompile Include="vpx/vpx_dsp/x86/variance_sse2.c"><Filter>vpx\vpx_dsp\x86</Filter></ClCompile>
    <ClCompile Include="vpx/vpx_dsp/x86/vpx_subpixel_4t_intrin_sse2.c"><Filter>vpx\vpx_dsp\x86</Filter></ClCompile>
    <ClCompile Include="vpx/vpx_dsp/x86/vpx_subpixel_8t_intrin_avx2.c"><Filter>vpx\vpx_dsp\x86</Filter></ClCompile>
    <ClCompile Include="vpx/vpx_dsp/x86/vpx_subpixel_8t_intrin_ssse3.c"><Filter>vpx\vpx_dsp\x86</Filter></ClCompile>
    <ClCompile Include="vpx/vpx_mem/vpx_mem.c"><Filter>vpx\vpx_mem</Filter></ClCompile>
    <ClCompile Include="vpx/vpx_scale/generic/yv12config.c"><Filter>vpx\vpx_scale\generic</Filter></ClCompile>
    <ClCompile Include="vpx/vpx_scale/generic/yv12extend.c"><Filter>vpx\vpx_scale\generic</Filter></ClCompile>
    <ClCompile Include="vpx/vpx_scale/vpx_scale_rtcd.c"><Filter>vpx\vpx_scale</Filter></ClCompile>
    <ClCompile Include="vpx/vpx_util/vpx_thread.c"><Filter>vpx\vpx_util</Filter></ClCompile>
    <ClCompile Include="vpx/vpx_util/vpx_write_yuv_frame.c"><Filter>vpx\vpx_util</Filter></ClCompile>
  </ItemGroup>
  <ItemGroup>
    <CustomBuild Include="vpx/vp9/common/x86/vp9_mfqe_sse2.asm"><Filter>vpx\vp9\common\x86</Filter></CustomBuild>
    <CustomBuild Include="vpx/vp9/encoder/x86/vp9_dct_sse2.asm"><Filter>vpx\vp9\encoder\x86</Filter></CustomBuild>
    <CustomBuild Include="vpx/vp9/encoder/x86/vp9_error_sse2.asm"><Filter>vpx\vp9\encoder\x86</Filter></CustomBuild>
    <CustomBuild Include="vpx/vpx_dsp/x86/add_noise_sse2.asm"><Filter>vpx\vpx_dsp\x86</Filter></CustomBuild>
    <CustomBuild Include="vpx/vpx_dsp/x86/avg_ssse3_x86_64.asm"><Filter>vpx\vpx_dsp\x86</Filter></CustomBuild>
    <CustomBuild Include="vpx/vpx_dsp/x86/deblock_sse2.asm"><Filter>vpx\vpx_dsp\x86</Filter></CustomBuild>
    <CustomBuild Include="vpx/vpx_dsp/x86/fwd_txfm_ssse3_x86_64.asm"><Filter>vpx\vpx_dsp\x86</Filter></CustomBuild>
    <CustomBuild Include="vpx/vpx_dsp/x86/intrapred_sse2.asm"><Filter>vpx\vpx_dsp\x86</Filter></CustomBuild>
    <CustomBuild Include="vpx/vpx_dsp/x86/intrapred_ssse3.asm"><Filter>vpx\vpx_dsp\x86</Filter></CustomBuild>
    <CustomBuild Include="vpx/vpx_dsp/x86/inv_wht_sse2.asm"><Filter>vpx\vpx_dsp\x86</Filter></CustomBuild>
    <CustomBuild Include="vpx/vpx_dsp/x86/sad4d_sse2.asm"><Filter>vpx\vpx_dsp\x86</Filter></CustomBuild>
    <CustomBuild Include="vpx/vpx_dsp/x86/sad_sse2.asm"><Filter>vpx\vpx_dsp\x86</Filter></CustomBuild>
    <CustomBuild Include="vpx/vpx_dsp/x86/ssim_opt_x86_64.asm"><Filter>vpx\vpx_dsp\x86</Filter></CustomBuild>
    <CustomBuild Include="vpx/vpx_dsp/x86/subpel_variance_sse2.asm"><Filter>vpx\vpx_dsp\x86</Filter></CustomBuild>
    <CustomBuild Include="vpx/vpx_dsp/x86/subtract_sse2.asm"><Filter>vpx\vpx_dsp\x86</Filter></CustomBuild>
    <CustomBuild Include="vpx/vpx_dsp/x86/vpx_convolve_copy_sse2.asm"><Filter>vpx\vpx_dsp\x86</Filter></CustomBuild>
    <CustomBuild Include="vpx/vpx_dsp/x86/vpx_high_subpixel_8t_sse2.asm"><Filter>vpx\vpx_dsp\x86</Filter></CustomBuild>
    <CustomBuild Include="vpx/vpx_dsp/x86/vpx_high_subpixel_bilinear_sse2.asm"><Filter>vpx\vpx_dsp\x86</Filter></CustomBuild>
    <CustomBuild Include="vpx/vpx_dsp/x86/vpx_subpixel_8t_sse2.asm"><Filter>vpx\vpx_dsp\x86</Filter></CustomBuild>
    <CustomBuild Include="vpx/vpx_dsp/x86/vpx_subpixel_8t_ssse3.asm"><Filter>vpx\vpx_dsp\x86</Filter></CustomBuild>
    <CustomBuild Include="vpx/vpx_dsp/x86/vpx_subpixel_bilinear_sse2.asm"><Filter>vpx\vpx_dsp\x86</Filter></CustomBuild>
    <CustomBuild Include="vpx/vpx_dsp/x86/vpx_subpixel_bilinear_ssse3.asm"><Filter>vpx\vpx_dsp\x86</Filter></CustomBuild>
    <CustomBuild Include="vpx/vpx_ports/emms_mmx.asm"><Filter>vpx\vpx_ports</Filter></CustomBuild>
    <CustomBuild Include="vpx/vpx_ports/float_control_word.asm"><Filter>vpx\vpx_ports</Filter></CustomBuild>
  </ItemGroup>
  <ItemGroup>
    <CustomBuild Include="dav1d/src/x86/cpuid.asm"><Filter>dav1d\x86</Filter></CustomBuild>
    <CustomBuild Include="dav1d/src/x86/msac.asm"><Filter>dav1d\x86</Filter></CustomBuild>
    <CustomBuild Include="dav1d/src/x86/pal.asm"><Filter>dav1d\x86</Filter></CustomBuild>
    <CustomBuild Include="dav1d/src/x86/refmvs.asm"><Filter>dav1d\x86</Filter></CustomBuild>
    <CustomBuild Include="dav1d/src/x86/itx_avx512.asm"><Filter>dav1d\x86</Filter></CustomBuild>
    <CustomBuild Include="dav1d/src/x86/cdef_avx2.asm"><Filter>dav1d\x86</Filter></CustomBuild>
    <CustomBuild Include="dav1d/src/x86/itx_avx2.asm"><Filter>dav1d\x86</Filter></CustomBuild>
    <CustomBuild Include="dav1d/src/x86/cdef_sse.asm"><Filter>dav1d\x86</Filter></CustomBuild>
    <CustomBuild Include="dav1d/src/x86/itx_sse.asm"><Filter>dav1d\x86</Filter></CustomBuild>
    <CustomBuild Include="dav1d/src/x86/cdef_avx512.asm"><Filter>dav1d\x86</Filter></CustomBuild>
    <CustomBuild Include="dav1d/src/x86/filmgrain_avx512.asm"><Filter>dav1d\x86</Filter></CustomBuild>
    <CustomBuild Include="dav1d/src/x86/ipred_avx512.asm"><Filter>dav1d\x86</Filter></CustomBuild>
    <CustomBuild Include="dav1d/src/x86/loopfilter_avx512.asm"><Filter>dav1d\x86</Filter></CustomBuild>
    <CustomBuild Include="dav1d/src/x86/looprestoration_avx512.asm"><Filter>dav1d\x86</Filter></CustomBuild>
    <CustomBuild Include="dav1d/src/x86/mc_avx512.asm"><Filter>dav1d\x86</Filter></CustomBuild>
    <CustomBuild Include="dav1d/src/x86/filmgrain_avx2.asm"><Filter>dav1d\x86</Filter></CustomBuild>
    <CustomBuild Include="dav1d/src/x86/ipred_avx2.asm"><Filter>dav1d\x86</Filter></CustomBuild>
    <CustomBuild Include="dav1d/src/x86/loopfilter_avx2.asm"><Filter>dav1d\x86</Filter></CustomBuild>
    <CustomBuild Include="dav1d/src/x86/looprestoration_avx2.asm"><Filter>dav1d\x86</Filter></CustomBuild>
    <CustomBuild Include="dav1d/src/x86/mc_avx2.asm"><Filter>dav1d\x86</Filter></CustomBuild>
    <CustomBuild Include="dav1d/src/x86/filmgrain_sse.asm"><Filter>dav1d\x86</Filter></CustomBuild>
    <CustomBuild Include="dav1d/src/x86/ipred_sse.asm"><Filter>dav1d\x86</Filter></CustomBuild>
    <CustomBuild Include="dav1d/src/x86/loopfilter_sse.asm"><Filter>dav1d\x86</Filter></CustomBuild>
    <CustomBuild Include="dav1d/src/x86/looprestoration_sse.asm"><Filter>dav1d\x86</Filter></CustomBuild>
    <CustomBuild Include="dav1d/src/x86/mc_sse.asm"><Filter>dav1d\x86</Filter></CustomBuild>
    <CustomBuild Include="dav1d/src/x86/cdef16_avx512.asm"><Filter>dav1d\x86</Filter></CustomBuild>
    <CustomBuild Include="dav1d/src/x86/filmgrain16_avx512.asm"><Filter>dav1d\x86</Filter></CustomBuild>
    <CustomBuild Include="dav1d/src/x86/ipred16_avx512.asm"><Filter>dav1d\x86</Filter></CustomBuild>
    <CustomBuild Include="dav1d/src/x86/itx16_avx512.asm"><Filter>dav1d\x86</Filter></CustomBuild>
    <CustomBuild Include="dav1d/src/x86/loopfilter16_avx512.asm"><Filter>dav1d\x86</Filter></CustomBuild>
    <CustomBuild Include="dav1d/src/x86/looprestoration16_avx512.asm"><Filter>dav1d\x86</Filter></CustomBuild>
    <CustomBuild Include="dav1d/src/x86/mc16_avx512.asm"><Filter>dav1d\x86</Filter></CustomBuild>
    <CustomBuild Include="dav1d/src/x86/cdef16_avx2.asm"><Filter>dav1d\x86</Filter></CustomBuild>
    <CustomBuild Include="dav1d/src/x86/filmgrain16_avx2.asm"><Filter>dav1d\x86</Filter></CustomBuild>
    <CustomBuild Include="dav1d/src/x86/ipred16_avx2.asm"><Filter>dav1d\x86</Filter></CustomBuild>
    <CustomBuild Include="dav1d/src/x86/itx16_avx2.asm"><Filter>dav1d\x86</Filter></CustomBuild>
    <CustomBuild Include="dav1d/src/x86/loopfilter16_avx2.asm"><Filter>dav1d\x86</Filter></CustomBuild>
    <CustomBuild Include="dav1d/src/x86/looprestoration16_avx2.asm"><Filter>dav1d\x86</Filter></CustomBuild>
    <CustomBuild Include="dav1d/src/x86/mc16_avx2.asm"><Filter>dav1d\x86</Filter></CustomBuild>
    <CustomBuild Include="dav1d/src/x86/cdef16_sse.asm"><Filter>dav1d\x86</Filter></CustomBuild>
    <CustomBuild Include="dav1d/src/x86/filmgrain16_sse.asm"><Filter>dav1d\x86</Filter></CustomBuild>
    <CustomBuild Include="dav1d/src/x86/ipred16_sse.asm"><Filter>dav1d\x86</Filter></CustomBuild>
    <CustomBuild Include="dav1d/src/x86/itx16_sse.asm"><Filter>dav1d\x86</Filter></CustomBuild>
    <CustomBuild Include="dav1d/src/x86/loopfilter16_sse.asm"><Filter>dav1d\x86</Filter></CustomBuild>
    <CustomBuild Include="dav1d/src/x86/looprestoration16_sse.asm"><Filter>dav1d\x86</Filter></CustomBuild>
    <CustomBuild Include="dav1d/src/x86/mc16_sse.asm"><Filter>dav1d\x86</Filter></CustomBuild>
  </ItemGroup>
</Project>
