<?xml version="1.0" encoding="utf-8"?>
<Project ToolsVersion="4.0" xmlns="http://schemas.microsoft.com/developer/msbuild/2003">
  <ItemGroup>
    <Filter Include="include">
      <UniqueIdentifier>{a42835f0-3ad6-4906-b1da-1d3040e5d76d}</UniqueIdentifier>
    </Filter>
    <Filter Include="src">
      <UniqueIdentifier>{e474680e-7cdd-48af-8b06-18e9bb3fc820}</UniqueIdentifier>
    </Filter>
    <Filter Include="src\utils">
      <UniqueIdentifier>{0058662a-fc2d-41d4-9972-4bc354d87d3e}</UniqueIdentifier>
    </Filter>
  </ItemGroup>
  <ItemGroup>
    <ClInclude Include="include\appserver.h">
      <Filter>include</Filter>
    </ClInclude>
    <ClInclude Include="src\appclient.h">
      <Filter>src</Filter>
    </ClInclude>
    <ClInclude Include="src\server_type.h">
      <Filter>src</Filter>
    </ClInclude>
    <ClInclude Include="src\client_message.h">
      <Filter>src</Filter>
    </ClInclude>
    <ClInclude Include="src\utils\activity_binder.h">
      <Filter>src\utils</Filter>
    </ClInclude>
    <ClInclude Include="src\utils\message_assembler.h">
      <Filter>src\utils</Filter>
    </ClInclude>
    <ClInclude Include="src\utils\message_parser.h">
      <Filter>src\utils</Filter>
    </ClInclude>
    <ClInclude Include="src\utils\url_encoder.h">
      <Filter>src\utils</Filter>
    </ClInclude>
    <ClInclude Include="src\utils\program_util.h">
      <Filter>src\utils</Filter>
    </ClInclude>
  </ItemGroup>
  <ItemGroup>
    <ClCompile Include="src\appserver.c">
      <Filter>src</Filter>
    </ClCompile>
    <ClCompile Include="src\appclient.c">
      <Filter>src</Filter>
    </ClCompile>
    <ClCompile Include="src\client_message.c">
      <Filter>src</Filter>
    </ClCompile>
    <ClCompile Include="src\server_type.c">
      <Filter>src</Filter>
    </ClCompile>
    <ClCompile Include="src\utils\activity_binder.c">
      <Filter>src\utils</Filter>
    </ClCompile>
    <ClCompile Include="src\utils\message_assembler.c">
      <Filter>src\utils</Filter>
    </ClCompile>
    <ClCompile Include="src\utils\message_parser.c">
      <Filter>src\utils</Filter>
    </ClCompile>
    <ClCompile Include="src\utils\url_encoder.c">
      <Filter>src\utils</Filter>
    </ClCompile>
  </ItemGroup>
</Project>