<?xml version="1.0" encoding="utf-8"?>
<Project ToolsVersion="18.0" xmlns="http://schemas.microsoft.com/developer/msbuild/2003">
  <ItemGroup>
    <ClCompile Include="E:\git\appserver\codecs\svtav1\Source\Lib\C_DEFAULT\blend_a64_mask_c.c">
      <Filter>Source Files</Filter>
    </ClCompile>
    <ClCompile Include="E:\git\appserver\codecs\svtav1\Source\Lib\C_DEFAULT\cfl_c.c">
      <Filter>Source Files</Filter>
    </ClCompile>
    <ClCompile Include="E:\git\appserver\codecs\svtav1\Source\Lib\C_DEFAULT\compute_sad_c.c">
      <Filter>Source Files</Filter>
    </ClCompile>
    <ClCompile Include="E:\git\appserver\codecs\svtav1\Source\Lib\C_DEFAULT\encode_txb_ref_c.c">
      <Filter>Source Files</Filter>
    </ClCompile>
    <ClCompile Include="E:\git\appserver\codecs\svtav1\Source\Lib\C_DEFAULT\filterintra_c.c">
      <Filter>Source Files</Filter>
    </ClCompile>
    <ClCompile Include="E:\git\appserver\codecs\svtav1\Source\Lib\C_DEFAULT\inter_prediction_c.c">
      <Filter>Source Files</Filter>
    </ClCompile>
    <ClCompile Include="E:\git\appserver\codecs\svtav1\Source\Lib\C_DEFAULT\intra_prediction_c.c">
      <Filter>Source Files</Filter>
    </ClCompile>
    <ClCompile Include="E:\git\appserver\codecs\svtav1\Source\Lib\C_DEFAULT\pack_unpack_c.c">
      <Filter>Source Files</Filter>
    </ClCompile>
    <ClCompile Include="E:\git\appserver\codecs\svtav1\Source\Lib\C_DEFAULT\picture_operators_c.c">
      <Filter>Source Files</Filter>
    </ClCompile>
    <ClCompile Include="E:\git\appserver\codecs\svtav1\Source\Lib\C_DEFAULT\sad_av1.c">
      <Filter>Source Files</Filter>
    </ClCompile>
    <ClCompile Include="E:\git\appserver\codecs\svtav1\Source\Lib\C_DEFAULT\variance.c">
      <Filter>Source Files</Filter>
    </ClCompile>
  </ItemGroup>
  <ItemGroup>
    <ClInclude Include="E:\git\appserver\codecs\svtav1\Source\Lib\C_DEFAULT\compute_sad_c.h">
      <Filter>Header Files</Filter>
    </ClInclude>
    <ClInclude Include="E:\git\appserver\codecs\svtav1\Source\Lib\C_DEFAULT\encode_txb_ref_c.h">
      <Filter>Header Files</Filter>
    </ClInclude>
    <ClInclude Include="E:\git\appserver\codecs\svtav1\Source\Lib\C_DEFAULT\pack_unpack_c.h">
      <Filter>Header Files</Filter>
    </ClInclude>
    <ClInclude Include="E:\git\appserver\codecs\svtav1\Source\Lib\C_DEFAULT\picture_operators_c.h">
      <Filter>Header Files</Filter>
    </ClInclude>
  </ItemGroup>
  <ItemGroup>
    <CustomBuild Include="E:\git\appserver\codecs\svtav1\Source\Lib\C_DEFAULT\CMakeLists.txt" />
  </ItemGroup>
  <ItemGroup>
    <Filter Include="Header Files">
      <UniqueIdentifier>{D7EB2FC1-D6A7-3B9F-A7CA-748D859370D2}</UniqueIdentifier>
    </Filter>
    <Filter Include="Source Files">
      <UniqueIdentifier>{EFB02D43-80A2-3293-9186-FE0A5FB42DF8}</UniqueIdentifier>
    </Filter>
  </ItemGroup>
</Project>
