<?xml version="1.0" encoding="utf-8"?>
<Project ToolsVersion="18.0" xmlns="http://schemas.microsoft.com/developer/msbuild/2003">
  <ItemGroup>
    <ClCompile Include="E:\git\appserver\codecs\svtav1\Source\Lib\ASM_AVX2\aom_subpixel_8t_intrin_avx2.c">
      <Filter>Source Files</Filter>
    </ClCompile>
    <ClCompile Include="E:\git\appserver\codecs\svtav1\Source\Lib\ASM_AVX2\av1_inv_txfm_avx2.c">
      <Filter>Source Files</Filter>
    </ClCompile>
    <ClCompile Include="E:\git\appserver\codecs\svtav1\Source\Lib\ASM_AVX2\av1_quantize_avx2.c">
      <Filter>Source Files</Filter>
    </ClCompile>
    <ClCompile Include="E:\git\appserver\codecs\svtav1\Source\Lib\ASM_AVX2\blend_a64_mask_avx2.c">
      <Filter>Source Files</Filter>
    </ClCompile>
    <ClCompile Include="E:\git\appserver\codecs\svtav1\Source\Lib\ASM_AVX2\cdef_avx2.c">
      <Filter>Source Files</Filter>
    </ClCompile>
    <ClCompile Include="E:\git\appserver\codecs\svtav1\Source\Lib\ASM_AVX2\cdef_block_avx2.c">
      <Filter>Source Files</Filter>
    </ClCompile>
    <ClCompile Include="E:\git\appserver\codecs\svtav1\Source\Lib\ASM_AVX2\cfl_avx2.c">
      <Filter>Source Files</Filter>
    </ClCompile>
    <ClCompile Include="E:\git\appserver\codecs\svtav1\Source\Lib\ASM_AVX2\comb_avg_sad_intrin_avx2.c">
      <Filter>Source Files</Filter>
    </ClCompile>
    <ClCompile Include="E:\git\appserver\codecs\svtav1\Source\Lib\ASM_AVX2\compute_sad_intrin_avx2.c">
      <Filter>Source Files</Filter>
    </ClCompile>
    <ClCompile Include="E:\git\appserver\codecs\svtav1\Source\Lib\ASM_AVX2\convolve_2d_avx2.c">
      <Filter>Source Files</Filter>
    </ClCompile>
    <ClCompile Include="E:\git\appserver\codecs\svtav1\Source\Lib\ASM_AVX2\convolve_avx2.c">
      <Filter>Source Files</Filter>
    </ClCompile>
    <ClCompile Include="E:\git\appserver\codecs\svtav1\Source\Lib\ASM_AVX2\corner_match_avx2.c">
      <Filter>Source Files</Filter>
    </ClCompile>
    <ClCompile Include="E:\git\appserver\codecs\svtav1\Source\Lib\ASM_AVX2\dwt_avx2.c">
      <Filter>Source Files</Filter>
    </ClCompile>
    <ClCompile Include="E:\git\appserver\codecs\svtav1\Source\Lib\ASM_AVX2\encodetxb_avx2.c">
      <Filter>Source Files</Filter>
    </ClCompile>
    <ClCompile Include="E:\git\appserver\codecs\svtav1\Source\Lib\ASM_AVX2\fft_avx2.c">
      <Filter>Source Files</Filter>
    </ClCompile>
    <ClCompile Include="E:\git\appserver\codecs\svtav1\Source\Lib\ASM_AVX2\highbd_convolve_2d_avx2.c">
      <Filter>Source Files</Filter>
    </ClCompile>
    <ClCompile Include="E:\git\appserver\codecs\svtav1\Source\Lib\ASM_AVX2\highbd_convolve_avx2.c">
      <Filter>Source Files</Filter>
    </ClCompile>
    <ClCompile Include="E:\git\appserver\codecs\svtav1\Source\Lib\ASM_AVX2\highbd_fwd_txfm_avx2.c">
      <Filter>Source Files</Filter>
    </ClCompile>
    <ClCompile Include="E:\git\appserver\codecs\svtav1\Source\Lib\ASM_AVX2\highbd_intra_pred_avx2.c">
      <Filter>Source Files</Filter>
    </ClCompile>
    <ClCompile Include="E:\git\appserver\codecs\svtav1\Source\Lib\ASM_AVX2\highbd_inv_txfm_avx2.c">
      <Filter>Source Files</Filter>
    </ClCompile>
    <ClCompile Include="E:\git\appserver\codecs\svtav1\Source\Lib\ASM_AVX2\highbd_jnt_convolve_avx2.c">
      <Filter>Source Files</Filter>
    </ClCompile>
    <ClCompile Include="E:\git\appserver\codecs\svtav1\Source\Lib\ASM_AVX2\highbd_quantize_intrin_avx2.c">
      <Filter>Source Files</Filter>
    </ClCompile>
    <ClCompile Include="E:\git\appserver\codecs\svtav1\Source\Lib\ASM_AVX2\highbd_variance_avx2.c">
      <Filter>Source Files</Filter>
    </ClCompile>
    <ClCompile Include="E:\git\appserver\codecs\svtav1\Source\Lib\ASM_AVX2\highbd_warp_affine_avx2.c">
      <Filter>Source Files</Filter>
    </ClCompile>
    <ClCompile Include="E:\git\appserver\codecs\svtav1\Source\Lib\ASM_AVX2\inter_prediction_com_avx2.c">
      <Filter>Source Files</Filter>
    </ClCompile>
    <ClCompile Include="E:\git\appserver\codecs\svtav1\Source\Lib\ASM_AVX2\intra_pred_intrin_avx2.c">
      <Filter>Source Files</Filter>
    </ClCompile>
    <ClCompile Include="E:\git\appserver\codecs\svtav1\Source\Lib\ASM_AVX2\jnt_convolve_2d_avx2.c">
      <Filter>Source Files</Filter>
    </ClCompile>
    <ClCompile Include="E:\git\appserver\codecs\svtav1\Source\Lib\ASM_AVX2\jnt_convolve_avx2.c">
      <Filter>Source Files</Filter>
    </ClCompile>
    <ClCompile Include="E:\git\appserver\codecs\svtav1\Source\Lib\ASM_AVX2\noise_model_avx2.c">
      <Filter>Source Files</Filter>
    </ClCompile>
    <ClCompile Include="E:\git\appserver\codecs\svtav1\Source\Lib\ASM_AVX2\obmc_sad_avx2.c">
      <Filter>Source Files</Filter>
    </ClCompile>
    <ClCompile Include="E:\git\appserver\codecs\svtav1\Source\Lib\ASM_AVX2\obmc_variance_avx2.c">
      <Filter>Source Files</Filter>
    </ClCompile>
    <ClCompile Include="E:\git\appserver\codecs\svtav1\Source\Lib\ASM_AVX2\pack_unpack_intrinsic_avx2.c">
      <Filter>Source Files</Filter>
    </ClCompile>
    <ClCompile Include="E:\git\appserver\codecs\svtav1\Source\Lib\ASM_AVX2\palette_avx2.c">
      <Filter>Source Files</Filter>
    </ClCompile>
    <ClCompile Include="E:\git\appserver\codecs\svtav1\Source\Lib\ASM_AVX2\pickrst_avx2.c">
      <Filter>Source Files</Filter>
    </ClCompile>
    <ClCompile Include="E:\git\appserver\codecs\svtav1\Source\Lib\ASM_AVX2\pic_operators_intrin_avx2.c">
      <Filter>Source Files</Filter>
    </ClCompile>
    <ClCompile Include="E:\git\appserver\codecs\svtav1\Source\Lib\ASM_AVX2\resize_avx2.c">
      <Filter>Source Files</Filter>
    </ClCompile>
    <ClCompile Include="E:\git\appserver\codecs\svtav1\Source\Lib\ASM_AVX2\restoration_pick_avx2.c">
      <Filter>Source Files</Filter>
    </ClCompile>
    <ClCompile Include="E:\git\appserver\codecs\svtav1\Source\Lib\ASM_AVX2\selfguided_avx2.c">
      <Filter>Source Files</Filter>
    </ClCompile>
    <ClCompile Include="E:\git\appserver\codecs\svtav1\Source\Lib\ASM_AVX2\sse_avx2.c">
      <Filter>Source Files</Filter>
    </ClCompile>
    <ClCompile Include="E:\git\appserver\codecs\svtav1\Source\Lib\ASM_AVX2\ssim_avx2.c">
      <Filter>Source Files</Filter>
    </ClCompile>
    <ClCompile Include="E:\git\appserver\codecs\svtav1\Source\Lib\ASM_AVX2\temporal_filtering_avx2.c">
      <Filter>Source Files</Filter>
    </ClCompile>
    <ClCompile Include="E:\git\appserver\codecs\svtav1\Source\Lib\ASM_AVX2\transforms_intrin_avx2.c">
      <Filter>Source Files</Filter>
    </ClCompile>
    <ClCompile Include="E:\git\appserver\codecs\svtav1\Source\Lib\ASM_AVX2\variance_avx2.c">
      <Filter>Source Files</Filter>
    </ClCompile>
    <ClCompile Include="E:\git\appserver\codecs\svtav1\Source\Lib\ASM_AVX2\variance_impl_avx2.c">
      <Filter>Source Files</Filter>
    </ClCompile>
    <ClCompile Include="E:\git\appserver\codecs\svtav1\Source\Lib\ASM_AVX2\warp_plane_avx2.c">
      <Filter>Source Files</Filter>
    </ClCompile>
    <ClCompile Include="E:\git\appserver\codecs\svtav1\Source\Lib\ASM_AVX2\wiener_convolve_avx2.c">
      <Filter>Source Files</Filter>
    </ClCompile>
  </ItemGroup>
  <ItemGroup>
    <ClInclude Include="E:\git\appserver\codecs\svtav1\Source\Lib\ASM_AVX2\av1_inv_txfm_avx2.h">
      <Filter>Header Files</Filter>
    </ClInclude>
    <ClInclude Include="E:\git\appserver\codecs\svtav1\Source\Lib\ASM_AVX2\compute_sad_avx2.h">
      <Filter>Header Files</Filter>
    </ClInclude>
    <ClInclude Include="E:\git\appserver\codecs\svtav1\Source\Lib\ASM_AVX2\convolve_avx2.h">
      <Filter>Header Files</Filter>
    </ClInclude>
    <ClInclude Include="E:\git\appserver\codecs\svtav1\Source\Lib\ASM_AVX2\itx_hbd.h">
      <Filter>Header Files</Filter>
    </ClInclude>
    <ClInclude Include="E:\git\appserver\codecs\svtav1\Source\Lib\ASM_AVX2\itx_lbd.h">
      <Filter>Header Files</Filter>
    </ClInclude>
    <ClInclude Include="E:\git\appserver\codecs\svtav1\Source\Lib\ASM_AVX2\mc.h">
      <Filter>Header Files</Filter>
    </ClInclude>
    <ClInclude Include="E:\git\appserver\codecs\svtav1\Source\Lib\ASM_AVX2\memory_avx2.h">
      <Filter>Header Files</Filter>
    </ClInclude>
    <ClInclude Include="E:\git\appserver\codecs\svtav1\Source\Lib\ASM_AVX2\pickrst_avx2.h">
      <Filter>Header Files</Filter>
    </ClInclude>
    <ClInclude Include="E:\git\appserver\codecs\svtav1\Source\Lib\ASM_AVX2\pic_operators_inline_avx2.h">
      <Filter>Header Files</Filter>
    </ClInclude>
    <ClInclude Include="E:\git\appserver\codecs\svtav1\Source\Lib\ASM_AVX2\synonyms_avx2.h">
      <Filter>Header Files</Filter>
    </ClInclude>
    <ClInclude Include="E:\git\appserver\codecs\svtav1\Source\Lib\ASM_AVX2\transpose_avx2.h">
      <Filter>Header Files</Filter>
    </ClInclude>
    <ClInclude Include="E:\git\appserver\codecs\svtav1\Source\Lib\ASM_AVX2\txfm_common_avx2.h">
      <Filter>Header Files</Filter>
    </ClInclude>
    <ClInclude Include="E:\git\appserver\codecs\svtav1\Source\Lib\ASM_AVX2\wiener_convolve_avx2.h">
      <Filter>Header Files</Filter>
    </ClInclude>
  </ItemGroup>
  <ItemGroup>
    <CustomBuild Include="E:\git\appserver\codecs\svtav1\Source\Lib\ASM_AVX2\CMakeLists.txt" />
  </ItemGroup>
  <ItemGroup>
    <NASM Include="E:\git\appserver\codecs\svtav1\Source\Lib\ASM_AVX2\itx_avx2.asm" />
    <NASM Include="E:\git\appserver\codecs\svtav1\Source\Lib\ASM_AVX2\itx16_avx2.asm" />
    <NASM Include="E:\git\appserver\codecs\svtav1\Source\Lib\ASM_AVX2\mc_avx2.asm" />
    <NASM Include="E:\git\appserver\codecs\svtav1\Source\Lib\ASM_AVX2\mc16_avx2.asm" />
  </ItemGroup>
  <ItemGroup>
    <Filter Include="Header Files">
      <UniqueIdentifier>{D7EB2FC1-D6A7-3B9F-A7CA-748D859370D2}</UniqueIdentifier>
    </Filter>
    <Filter Include="Source Files">
      <UniqueIdentifier>{EFB02D43-80A2-3293-9186-FE0A5FB42DF8}</UniqueIdentifier>
    </Filter>
  </ItemGroup>
</Project>
