<?xml version="1.0" encoding="utf-8"?>
<Project ToolsVersion="18.0" xmlns="http://schemas.microsoft.com/developer/msbuild/2003">
  <ItemGroup>
    <CustomBuild Include="E:\git\appserver\codecs\x265\_vsbuild\CMakeFiles\3052389e83b5d944c6a6caeb419222b7\INSTALL_force.rule">
      <Filter>CMake Rules</Filter>
    </CustomBuild>
  </ItemGroup>
  <ItemGroup>
    <Filter Include="CMake Rules">
      <UniqueIdentifier>{4BCDC6A5-4437-35AF-9A62-1EE198E5C1AD}</UniqueIdentifier>
    </Filter>
  </ItemGroup>
</Project>
