
Microsoft Visual Studio Solution File, Format Version 12.00
# Visual Studio Version 17
Project("{8BC9CEB8-8B4A-11D0-8D11-00A0C91BC942}") = "ALL_BUILD", "ALL_BUILD.vcxproj", "{2AA6491E-94DD-3849-917E-7DC9D7341DE1}"
	ProjectSection(ProjectDependencies) = postProject
		{E2E778F1-6B64-3CAD-8A55-7A021C1E14CE} = {E2E778F1-6B64-3CAD-8A55-7A021C1E14CE}
		{56D3BAB1-8CEF-37C4-96BC-76F014D54F7E} = {56D3BAB1-8CEF-37C4-96BC-76F014D54F7E}
		{DB701E70-3E37-36F6-9C6E-75CBEEF28BA0} = {DB701E70-3E37-36F6-9C6E-75CBEEF28BA0}
		{062D87F6-AB00-3D2E-900C-6ADC2A3ABD67} = {062D87F6-AB00-3D2E-900C-6ADC2A3ABD67}
	EndProjectSection
EndProject
Project("{8BC9CEB8-8B4A-11D0-8D11-00A0C91BC942}") = "INSTALL", "INSTALL.vcxproj", "{2B0836F8-A750-3AC0-B2AA-B4857E877774}"
	ProjectSection(ProjectDependencies) = postProject
		{2AA6491E-94DD-3849-917E-7DC9D7341DE1} = {2AA6491E-94DD-3849-917E-7DC9D7341DE1}
		{E2E778F1-6B64-3CAD-8A55-7A021C1E14CE} = {E2E778F1-6B64-3CAD-8A55-7A021C1E14CE}
	EndProjectSection
EndProject
Project("{8BC9CEB8-8B4A-11D0-8D11-00A0C91BC942}") = "ZERO_CHECK", "ZERO_CHECK.vcxproj", "{E2E778F1-6B64-3CAD-8A55-7A021C1E14CE}"
	ProjectSection(ProjectDependencies) = postProject
	EndProjectSection
EndProject
Project("{8BC9CEB8-8B4A-11D0-8D11-00A0C91BC942}") = "common", "common\common.vcxproj", "{56D3BAB1-8CEF-37C4-96BC-76F014D54F7E}"
	ProjectSection(ProjectDependencies) = postProject
		{E2E778F1-6B64-3CAD-8A55-7A021C1E14CE} = {E2E778F1-6B64-3CAD-8A55-7A021C1E14CE}
	EndProjectSection
EndProject
Project("{8BC9CEB8-8B4A-11D0-8D11-00A0C91BC942}") = "encoder", "encoder\encoder.vcxproj", "{DB701E70-3E37-36F6-9C6E-75CBEEF28BA0}"
	ProjectSection(ProjectDependencies) = postProject
		{E2E778F1-6B64-3CAD-8A55-7A021C1E14CE} = {E2E778F1-6B64-3CAD-8A55-7A021C1E14CE}
	EndProjectSection
EndProject
Project("{8BC9CEB8-8B4A-11D0-8D11-00A0C91BC942}") = "uninstall", "uninstall.vcxproj", "{70BD0EB5-FDEF-307E-8907-FF29838B589E}"
	ProjectSection(ProjectDependencies) = postProject
		{E2E778F1-6B64-3CAD-8A55-7A021C1E14CE} = {E2E778F1-6B64-3CAD-8A55-7A021C1E14CE}
	EndProjectSection
EndProject
Project("{8BC9CEB8-8B4A-11D0-8D11-00A0C91BC942}") = "x265-static", "x265-static.vcxproj", "{062D87F6-AB00-3D2E-900C-6ADC2A3ABD67}"
	ProjectSection(ProjectDependencies) = postProject
		{E2E778F1-6B64-3CAD-8A55-7A021C1E14CE} = {E2E778F1-6B64-3CAD-8A55-7A021C1E14CE}
		{56D3BAB1-8CEF-37C4-96BC-76F014D54F7E} = {56D3BAB1-8CEF-37C4-96BC-76F014D54F7E}
		{DB701E70-3E37-36F6-9C6E-75CBEEF28BA0} = {DB701E70-3E37-36F6-9C6E-75CBEEF28BA0}
	EndProjectSection
EndProject
Global
	GlobalSection(SolutionConfigurationPlatforms) = preSolution
		Debug|x64 = Debug|x64
		Release|x64 = Release|x64
		MinSizeRel|x64 = MinSizeRel|x64
		RelWithDebInfo|x64 = RelWithDebInfo|x64
	EndGlobalSection
	GlobalSection(ProjectConfigurationPlatforms) = postSolution
		{2AA6491E-94DD-3849-917E-7DC9D7341DE1}.Debug|x64.ActiveCfg = Debug|x64
		{2AA6491E-94DD-3849-917E-7DC9D7341DE1}.Debug|x64.Build.0 = Debug|x64
		{2AA6491E-94DD-3849-917E-7DC9D7341DE1}.Release|x64.ActiveCfg = Release|x64
		{2AA6491E-94DD-3849-917E-7DC9D7341DE1}.Release|x64.Build.0 = Release|x64
		{2AA6491E-94DD-3849-917E-7DC9D7341DE1}.MinSizeRel|x64.ActiveCfg = MinSizeRel|x64
		{2AA6491E-94DD-3849-917E-7DC9D7341DE1}.MinSizeRel|x64.Build.0 = MinSizeRel|x64
		{2AA6491E-94DD-3849-917E-7DC9D7341DE1}.RelWithDebInfo|x64.ActiveCfg = RelWithDebInfo|x64
		{2AA6491E-94DD-3849-917E-7DC9D7341DE1}.RelWithDebInfo|x64.Build.0 = RelWithDebInfo|x64
		{2B0836F8-A750-3AC0-B2AA-B4857E877774}.Debug|x64.ActiveCfg = Debug|x64
		{2B0836F8-A750-3AC0-B2AA-B4857E877774}.Release|x64.ActiveCfg = Release|x64
		{2B0836F8-A750-3AC0-B2AA-B4857E877774}.MinSizeRel|x64.ActiveCfg = MinSizeRel|x64
		{2B0836F8-A750-3AC0-B2AA-B4857E877774}.RelWithDebInfo|x64.ActiveCfg = RelWithDebInfo|x64
		{E2E778F1-6B64-3CAD-8A55-7A021C1E14CE}.Debug|x64.ActiveCfg = Debug|x64
		{E2E778F1-6B64-3CAD-8A55-7A021C1E14CE}.Debug|x64.Build.0 = Debug|x64
		{E2E778F1-6B64-3CAD-8A55-7A021C1E14CE}.Release|x64.ActiveCfg = Release|x64
		{E2E778F1-6B64-3CAD-8A55-7A021C1E14CE}.Release|x64.Build.0 = Release|x64
		{E2E778F1-6B64-3CAD-8A55-7A021C1E14CE}.MinSizeRel|x64.ActiveCfg = MinSizeRel|x64
		{E2E778F1-6B64-3CAD-8A55-7A021C1E14CE}.MinSizeRel|x64.Build.0 = MinSizeRel|x64
		{E2E778F1-6B64-3CAD-8A55-7A021C1E14CE}.RelWithDebInfo|x64.ActiveCfg = RelWithDebInfo|x64
		{E2E778F1-6B64-3CAD-8A55-7A021C1E14CE}.RelWithDebInfo|x64.Build.0 = RelWithDebInfo|x64
		{56D3BAB1-8CEF-37C4-96BC-76F014D54F7E}.Debug|x64.ActiveCfg = Debug|x64
		{56D3BAB1-8CEF-37C4-96BC-76F014D54F7E}.Debug|x64.Build.0 = Debug|x64
		{56D3BAB1-8CEF-37C4-96BC-76F014D54F7E}.Release|x64.ActiveCfg = Release|x64
		{56D3BAB1-8CEF-37C4-96BC-76F014D54F7E}.Release|x64.Build.0 = Release|x64
		{56D3BAB1-8CEF-37C4-96BC-76F014D54F7E}.MinSizeRel|x64.ActiveCfg = MinSizeRel|x64
		{56D3BAB1-8CEF-37C4-96BC-76F014D54F7E}.MinSizeRel|x64.Build.0 = MinSizeRel|x64
		{56D3BAB1-8CEF-37C4-96BC-76F014D54F7E}.RelWithDebInfo|x64.ActiveCfg = RelWithDebInfo|x64
		{56D3BAB1-8CEF-37C4-96BC-76F014D54F7E}.RelWithDebInfo|x64.Build.0 = RelWithDebInfo|x64
		{DB701E70-3E37-36F6-9C6E-75CBEEF28BA0}.Debug|x64.ActiveCfg = Debug|x64
		{DB701E70-3E37-36F6-9C6E-75CBEEF28BA0}.Debug|x64.Build.0 = Debug|x64
		{DB701E70-3E37-36F6-9C6E-75CBEEF28BA0}.Release|x64.ActiveCfg = Release|x64
		{DB701E70-3E37-36F6-9C6E-75CBEEF28BA0}.Release|x64.Build.0 = Release|x64
		{DB701E70-3E37-36F6-9C6E-75CBEEF28BA0}.MinSizeRel|x64.ActiveCfg = MinSizeRel|x64
		{DB701E70-3E37-36F6-9C6E-75CBEEF28BA0}.MinSizeRel|x64.Build.0 = MinSizeRel|x64
		{DB701E70-3E37-36F6-9C6E-75CBEEF28BA0}.RelWithDebInfo|x64.ActiveCfg = RelWithDebInfo|x64
		{DB701E70-3E37-36F6-9C6E-75CBEEF28BA0}.RelWithDebInfo|x64.Build.0 = RelWithDebInfo|x64
		{70BD0EB5-FDEF-307E-8907-FF29838B589E}.Debug|x64.ActiveCfg = Debug|x64
		{70BD0EB5-FDEF-307E-8907-FF29838B589E}.Release|x64.ActiveCfg = Release|x64
		{70BD0EB5-FDEF-307E-8907-FF29838B589E}.MinSizeRel|x64.ActiveCfg = MinSizeRel|x64
		{70BD0EB5-FDEF-307E-8907-FF29838B589E}.RelWithDebInfo|x64.ActiveCfg = RelWithDebInfo|x64
		{062D87F6-AB00-3D2E-900C-6ADC2A3ABD67}.Debug|x64.ActiveCfg = Debug|x64
		{062D87F6-AB00-3D2E-900C-6ADC2A3ABD67}.Debug|x64.Build.0 = Debug|x64
		{062D87F6-AB00-3D2E-900C-6ADC2A3ABD67}.Release|x64.ActiveCfg = Release|x64
		{062D87F6-AB00-3D2E-900C-6ADC2A3ABD67}.Release|x64.Build.0 = Release|x64
		{062D87F6-AB00-3D2E-900C-6ADC2A3ABD67}.MinSizeRel|x64.ActiveCfg = MinSizeRel|x64
		{062D87F6-AB00-3D2E-900C-6ADC2A3ABD67}.MinSizeRel|x64.Build.0 = MinSizeRel|x64
		{062D87F6-AB00-3D2E-900C-6ADC2A3ABD67}.RelWithDebInfo|x64.ActiveCfg = RelWithDebInfo|x64
		{062D87F6-AB00-3D2E-900C-6ADC2A3ABD67}.RelWithDebInfo|x64.Build.0 = RelWithDebInfo|x64
	EndGlobalSection
	GlobalSection(ExtensibilityGlobals) = postSolution
		SolutionGuid = {D142C2AF-2573-3626-84CB-0B0B5A92744D}
	EndGlobalSection
	GlobalSection(ExtensibilityAddIns) = postSolution
	EndGlobalSection
EndGlobal
