<?xml version="1.0" encoding="UTF-8"?>
<Solution>
	<Configurations>
		<BuildType Name="Debug"/>
		<BuildType Name="Release"/>
		<BuildType Name="MinSizeRel"/>
		<BuildType Name="RelWithDebInfo"/>
		<Platform Name="x64"/>
	</Configurations>
	<Project Path="ALL_BUILD.vcxproj" Type="8bc9ceb8-8b4a-11d0-8d11-00a0c91bc942" Id="2aa6491e-94dd-3849-917e-7dc9d7341de1" DefaultStartup="true">
		<BuildDependency Project="ZERO_CHECK.vcxproj"/>
		<BuildDependency Project="common/common.vcxproj"/>
		<BuildDependency Project="encoder/encoder.vcxproj"/>
		<BuildDependency Project="x265-static.vcxproj"/>
	</Project>
	<Project Path="INSTALL.vcxproj" Type="8bc9ceb8-8b4a-11d0-8d11-00a0c91bc942" Id="2b0836f8-a750-3ac0-b2aa-b4857e877774">
		<BuildDependency Project="ALL_BUILD.vcxproj"/>
		<BuildDependency Project="ZERO_CHECK.vcxproj"/>
		<Build Solution="Debug|*" Project="false"/>
		<Build Solution="Release|*" Project="false"/>
		<Build Solution="MinSizeRel|*" Project="false"/>
		<Build Solution="RelWithDebInfo|*" Project="false"/>
	</Project>
	<Project Path="ZERO_CHECK.vcxproj" Type="8bc9ceb8-8b4a-11d0-8d11-00a0c91bc942" Id="e2e778f1-6b64-3cad-8a55-7a021c1e14ce"/>
	<Project Path="common/common.vcxproj" Type="8bc9ceb8-8b4a-11d0-8d11-00a0c91bc942" Id="56d3bab1-8cef-37c4-96bc-76f014d54f7e">
		<BuildDependency Project="ZERO_CHECK.vcxproj"/>
	</Project>
	<Project Path="encoder/encoder.vcxproj" Type="8bc9ceb8-8b4a-11d0-8d11-00a0c91bc942" Id="db701e70-3e37-36f6-9c6e-75cbeef28ba0">
		<BuildDependency Project="ZERO_CHECK.vcxproj"/>
	</Project>
	<Project Path="uninstall.vcxproj" Type="8bc9ceb8-8b4a-11d0-8d11-00a0c91bc942" Id="70bd0eb5-fdef-307e-8907-ff29838b589e">
		<BuildDependency Project="ZERO_CHECK.vcxproj"/>
		<Build Solution="Debug|*" Project="false"/>
		<Build Solution="Release|*" Project="false"/>
		<Build Solution="MinSizeRel|*" Project="false"/>
		<Build Solution="RelWithDebInfo|*" Project="false"/>
	</Project>
	<Project Path="x265-static.vcxproj" Type="8bc9ceb8-8b4a-11d0-8d11-00a0c91bc942" Id="062d87f6-ab00-3d2e-900c-6adc2a3abd67">
		<BuildDependency Project="ZERO_CHECK.vcxproj"/>
		<BuildDependency Project="common/common.vcxproj"/>
		<BuildDependency Project="encoder/encoder.vcxproj"/>
	</Project>
</Solution>
